// !$*UTF8*$!
{
	archiveVersion = 1;
	classes = {
	};
	objectVersion = 45;
	objects = {

/* Begin PBXBuildFile section */
		1D3623260D0F684500981E51 /* Gumbovi1AppDelegate.m in Sources */ = {isa = PBXBuildFile; fileRef = 1D3623250D0F684500981E51 /* Gumbovi1AppDelegate.m */; };
		1D60589B0D05DD56006BFB54 /* main.m in Sources */ = {isa = PBXBuildFile; fileRef = 29B97316FDCFA39411CA2CEA /* main.m */; };
		1D60589F0D05DD5A006BFB54 /* Foundation.framework in Frameworks */ = {isa = PBXBuildFile; fileRef = 1D30AB110D05D00D00671497 /* Foundation.framework */; };
		1DF5F4E00D08C38300B7A737 /* UIKit.framework in Frameworks */ = {isa = PBXBuildFile; fileRef = 1DF5F4DF0D08C38300B7A737 /* UIKit.framework */; };
		28216C970DB411BC00E5133A /* FirstViewController.m in Sources */ = {isa = PBXBuildFile; fileRef = 28216C960DB411BC00E5133A /* FirstViewController.m */; };
		288765080DF74369002DB57D /* CoreGraphics.framework in Frameworks */ = {isa = PBXBuildFile; fileRef = 288765070DF74369002DB57D /* CoreGraphics.framework */; };
		B622B62A10A5B9E8007E8F37 /* MainWindow.xib in Resources */ = {isa = PBXBuildFile; fileRef = B622B62810A5B9E8007E8F37 /* MainWindow.xib */; };
		B648FE9910D1A3040068001F /* heartbuttons4-down-100x.png in Resources */ = {isa = PBXBuildFile; fileRef = B648FE9110D1A3040068001F /* heartbuttons4-down-100x.png */; };
		B648FE9A10D1A3040068001F /* heartbuttons4-down.png in Resources */ = {isa = PBXBuildFile; fileRef = B648FE9210D1A3040068001F /* heartbuttons4-down.png */; };
		B648FE9B10D1A3040068001F /* heartbuttons4-left-100x.png in Resources */ = {isa = PBXBuildFile; fileRef = B648FE9310D1A3040068001F /* heartbuttons4-left-100x.png */; };
		B648FE9C10D1A3040068001F /* heartbuttons4-left.png in Resources */ = {isa = PBXBuildFile; fileRef = B648FE9410D1A3040068001F /* heartbuttons4-left.png */; };
		B648FE9D10D1A3040068001F /* heartbuttons4-righ-100x.png in Resources */ = {isa = PBXBuildFile; fileRef = B648FE9510D1A3040068001F /* heartbuttons4-righ-100x.png */; };
		B648FE9E10D1A3040068001F /* heartbuttons4-righ.png in Resources */ = {isa = PBXBuildFile; fileRef = B648FE9610D1A3040068001F /* heartbuttons4-righ.png */; };
		B648FE9F10D1A3040068001F /* heartbuttons4-up-100x.png in Resources */ = {isa = PBXBuildFile; fileRef = B648FE9710D1A3040068001F /* heartbuttons4-up-100x.png */; };
		B648FEA010D1A3040068001F /* heartbuttons4-up.png in Resources */ = {isa = PBXBuildFile; fileRef = B648FE9810D1A3040068001F /* heartbuttons4-up.png */; };
		B64E91D2113D3ABC002137A2 /* LinkedTVRosterTableController.m in Sources */ = {isa = PBXBuildFile; fileRef = B64E91D1113D3ABC002137A2 /* LinkedTVRosterTableController.m */; };
		B64E91D3113D3ABC002137A2 /* LinkedTVRosterTableController.m in Sources */ = {isa = PBXBuildFile; fileRef = B64E91D1113D3ABC002137A2 /* LinkedTVRosterTableController.m */; };
		B64E9335113D6699002137A2 /* pop.wav in Resources */ = {isa = PBXBuildFile; fileRef = B64E9334113D6699002137A2 /* pop.wav */; };
		B64E9336113D6699002137A2 /* pop.wav in Resources */ = {isa = PBXBuildFile; fileRef = B64E9334113D6699002137A2 /* pop.wav */; };
		B656AA3810ADDCBD0089D78F /* Image.jpg in Resources */ = {isa = PBXBuildFile; fileRef = B656AA3010ADDCBD0089D78F /* Image.jpg */; };
		B656AA3D10ADDCBD0089D78F /* Data.plist in Resources */ = {isa = PBXBuildFile; fileRef = B656AA3510ADDCBD0089D78F /* Data.plist */; };
		B656AA3E10ADDCBD0089D78F /* notube.json in Resources */ = {isa = PBXBuildFile; fileRef = B656AA3610ADDCBD0089D78F /* notube.json */; };
		B656AA5310ADDD590089D78F /* NSObject+SBJSON.m in Sources */ = {isa = PBXBuildFile; fileRef = B656AA4810ADDD590089D78F /* NSObject+SBJSON.m */; };
		B656AA5410ADDD590089D78F /* NSString+SBJSON.m in Sources */ = {isa = PBXBuildFile; fileRef = B656AA4A10ADDD590089D78F /* NSString+SBJSON.m */; };
		B656AA5510ADDD590089D78F /* SBJSON.m in Sources */ = {isa = PBXBuildFile; fileRef = B656AA4C10ADDD590089D78F /* SBJSON.m */; };
		B656AA5610ADDD590089D78F /* SBJsonBase.m in Sources */ = {isa = PBXBuildFile; fileRef = B656AA4E10ADDD590089D78F /* SBJsonBase.m */; };
		B656AA5710ADDD590089D78F /* SBJsonParser.m in Sources */ = {isa = PBXBuildFile; fileRef = B656AA5010ADDD590089D78F /* SBJsonParser.m */; };
		B656AA5810ADDD590089D78F /* SBJsonWriter.m in Sources */ = {isa = PBXBuildFile; fileRef = B656AA5210ADDD590089D78F /* SBJsonWriter.m */; };
		B668E56F10D0F67500EDD38D /* heartbuttons4-100x.png in Resources */ = {isa = PBXBuildFile; fileRef = B668E56D10D0F67500EDD38D /* heartbuttons4-100x.png */; };
		B668E57010D0F67500EDD38D /* heartbuttons4.png in Resources */ = {isa = PBXBuildFile; fileRef = B668E56E10D0F67500EDD38D /* heartbuttons4.png */; };
		B66B41321137FBE0003FFDF8 /* AudioToolbox.framework in Frameworks */ = {isa = PBXBuildFile; fileRef = B66B41311137FBE0003FFDF8 /* AudioToolbox.framework */; };
		B66B41331137FBE0003FFDF8 /* AudioToolbox.framework in Frameworks */ = {isa = PBXBuildFile; fileRef = B66B41311137FBE0003FFDF8 /* AudioToolbox.framework */; };
		B66F4105113BCB61004DF167 /* qruiAppDelegate.m in Sources */ = {isa = PBXBuildFile; fileRef = B6A67EE511357B8300EA4712 /* qruiAppDelegate.m */; };
		B66F4113113BCBFC004DF167 /* libqrlib.a in Frameworks */ = {isa = PBXBuildFile; fileRef = B6B74BFF113577B900DD019D /* libqrlib.a */; };
		B66F4114113BCC08004DF167 /* QRImagePickerController.m in Sources */ = {isa = PBXBuildFile; fileRef = B6A67EE211357B8300EA4712 /* QRImagePickerController.m */; };
		B66F4138113BCCA5004DF167 /* Decoder.mm in Sources */ = {isa = PBXBuildFile; fileRef = B66F4135113BCCA5004DF167 /* Decoder.mm */; };
		B66F4139113BCCA5004DF167 /* DecoderController.m in Sources */ = {isa = PBXBuildFile; fileRef = B66F4137113BCCA5004DF167 /* DecoderController.m */; };
		B66F413A113BCCA5004DF167 /* Decoder.mm in Sources */ = {isa = PBXBuildFile; fileRef = B66F4135113BCCA5004DF167 /* Decoder.mm */; };
		B66F413B113BCCA5004DF167 /* DecoderController.m in Sources */ = {isa = PBXBuildFile; fileRef = B66F4137113BCCA5004DF167 /* DecoderController.m */; };
		B66F4148113BCD13004DF167 /* OverlayView.m in Sources */ = {isa = PBXBuildFile; fileRef = B66F4147113BCD13004DF167 /* OverlayView.m */; };
		B66F4149113BCD13004DF167 /* OverlayView.m in Sources */ = {isa = PBXBuildFile; fileRef = B66F4147113BCD13004DF167 /* OverlayView.m */; };
		B67496831111AB4A0033F5D0 /* control_bar.png in Resources */ = {isa = PBXBuildFile; fileRef = B67496821111AB4A0033F5D0 /* control_bar.png */; };
		B67496851111AB7A0033F5D0 /* nav_wheel.png in Resources */ = {isa = PBXBuildFile; fileRef = B67496841111AB7A0033F5D0 /* nav_wheel.png */; };
		B67CC39910A5763500511209 /* foaflets-12pt.jpg in Resources */ = {isa = PBXBuildFile; fileRef = B67CC39510A5763500511209 /* foaflets-12pt.jpg */; };
		B67CC39A10A5763500511209 /* Icon.png in Resources */ = {isa = PBXBuildFile; fileRef = B67CC39610A5763500511209 /* Icon.png */; };
		B67CC39B10A5763500511209 /* beancounter.jpg in Resources */ = {isa = PBXBuildFile; fileRef = B67CC39710A5763500511209 /* beancounter.jpg */; };
		B67CC39C10A5763500511209 /* buttons.png in Resources */ = {isa = PBXBuildFile; fileRef = B67CC39810A5763500511209 /* buttons.png */; };
		B67CC3B410A5764900511209 /* DDXMLDocument.m in Sources */ = {isa = PBXBuildFile; fileRef = B67CC3AC10A5764900511209 /* DDXMLDocument.m */; };
		B67CC3B510A5764900511209 /* DDXMLElement.m in Sources */ = {isa = PBXBuildFile; fileRef = B67CC3AE10A5764900511209 /* DDXMLElement.m */; };
		B67CC3B610A5764900511209 /* DDXMLNode.m in Sources */ = {isa = PBXBuildFile; fileRef = B67CC3B010A5764900511209 /* DDXMLNode.m */; };
		B67CC3B710A5764900511209 /* NSStringAdditions.m in Sources */ = {isa = PBXBuildFile; fileRef = B67CC3B310A5764900511209 /* NSStringAdditions.m */; };
		B67CC3DF10A5766500511209 /* AsyncSocket.m in Sources */ = {isa = PBXBuildFile; fileRef = B67CC3B910A5766400511209 /* AsyncSocket.m */; };
		B67CC3E010A5766500511209 /* XMPP.exp in Sources */ = {isa = PBXBuildFile; fileRef = B67CC3BA10A5766400511209 /* XMPP.exp */; };
		B67CC3E110A5766500511209 /* XMPPClient.m in Sources */ = {isa = PBXBuildFile; fileRef = B67CC3BD10A5766400511209 /* XMPPClient.m */; };
		B67CC3E210A5766500511209 /* XMPPTransports.m in Sources */ = {isa = PBXBuildFile; fileRef = B67CC3BF10A5766400511209 /* XMPPTransports.m */; };
		B67CC3E310A5766500511209 /* NSDataAdditions.m in Sources */ = {isa = PBXBuildFile; fileRef = B67CC3C110A5766400511209 /* NSDataAdditions.m */; };
		B67CC3E410A5766500511209 /* XMPPUser.m in Sources */ = {isa = PBXBuildFile; fileRef = B67CC3C510A5766500511209 /* XMPPUser.m */; };
		B67CC3E510A5766500511209 /* MulticastDelegate.m in Sources */ = {isa = PBXBuildFile; fileRef = B67CC3C610A5766500511209 /* MulticastDelegate.m */; };
		B67CC3E610A5766500511209 /* XMPPElement.m in Sources */ = {isa = PBXBuildFile; fileRef = B67CC3C910A5766500511209 /* XMPPElement.m */; };
		B67CC3E710A5766500511209 /* LibIDN.m in Sources */ = {isa = PBXBuildFile; fileRef = B67CC3CC10A5766500511209 /* LibIDN.m */; };
		B67CC3E810A5766500511209 /* NSXMLElementAdditions.m in Sources */ = {isa = PBXBuildFile; fileRef = B67CC3CD10A5766500511209 /* NSXMLElementAdditions.m */; };
		B67CC3E910A5766500511209 /* XMPPIQ.m in Sources */ = {isa = PBXBuildFile; fileRef = B67CC3CF10A5766500511209 /* XMPPIQ.m */; };
		B67CC3EA10A5766500511209 /* XMPPJID.m in Sources */ = {isa = PBXBuildFile; fileRef = B67CC3D110A5766500511209 /* XMPPJID.m */; };
		B67CC3EB10A5766500511209 /* XMPPMessage.m in Sources */ = {isa = PBXBuildFile; fileRef = B67CC3D310A5766500511209 /* XMPPMessage.m */; };
		B67CC3EC10A5766500511209 /* XMPPParser.m in Sources */ = {isa = PBXBuildFile; fileRef = B67CC3D510A5766500511209 /* XMPPParser.m */; };
		B67CC3ED10A5766500511209 /* XMPPPing.m in Sources */ = {isa = PBXBuildFile; fileRef = B67CC3D710A5766500511209 /* XMPPPing.m */; };
		B67CC3EE10A5766500511209 /* XMPPPresence.m in Sources */ = {isa = PBXBuildFile; fileRef = B67CC3D910A5766500511209 /* XMPPPresence.m */; };
		B67CC3EF10A5766500511209 /* XMPPResource.m in Sources */ = {isa = PBXBuildFile; fileRef = B67CC3DB10A5766500511209 /* XMPPResource.m */; };
		B67CC3F010A5766500511209 /* XMPPStream.m in Sources */ = {isa = PBXBuildFile; fileRef = B67CC3DE10A5766500511209 /* XMPPStream.m */; };
		B69F0DD5113FC43500365B22 /* README.TXT in Resources */ = {isa = PBXBuildFile; fileRef = B69F0DD4113FC43500365B22 /* README.TXT */; };
		B69F0DD6113FC43500365B22 /* README.TXT in Resources */ = {isa = PBXBuildFile; fileRef = B69F0DD4113FC43500365B22 /* README.TXT */; };
		B69F0E10113FF99700365B22 /* CoreData.framework in Frameworks */ = {isa = PBXBuildFile; fileRef = B69F0E0F113FF99700365B22 /* CoreData.framework */; };
		B69F0E11113FF99700365B22 /* CoreData.framework in Frameworks */ = {isa = PBXBuildFile; fileRef = B69F0E0F113FF99700365B22 /* CoreData.framework */; };
		B69F0E1E113FFA2E00365B22 /* BlueBubble.png in Resources */ = {isa = PBXBuildFile; fileRef = B69F0E1B113FFA2E00365B22 /* BlueBubble.png */; };
		B69F0E1F113FFA2E00365B22 /* BonjourClient.m in Sources */ = {isa = PBXBuildFile; fileRef = B69F0E1D113FFA2E00365B22 /* BonjourClient.m */; };
		B69F0E20113FFA2E00365B22 /* BlueBubble.png in Resources */ = {isa = PBXBuildFile; fileRef = B69F0E1B113FFA2E00365B22 /* BlueBubble.png */; };
		B69F0E21113FFA2E00365B22 /* BonjourClient.m in Sources */ = {isa = PBXBuildFile; fileRef = B69F0E1D113FFA2E00365B22 /* BonjourClient.m */; };
		B69F0E25113FFA3E00365B22 /* ChatViewController.m in Sources */ = {isa = PBXBuildFile; fileRef = B69F0E23113FFA3E00365B22 /* ChatViewController.m */; };
		B69F0E26113FFA3E00365B22 /* ChatViewController.xib in Resources */ = {isa = PBXBuildFile; fileRef = B69F0E24113FFA3E00365B22 /* ChatViewController.xib */; };
		B69F0E27113FFA3E00365B22 /* ChatViewController.m in Sources */ = {isa = PBXBuildFile; fileRef = B69F0E23113FFA3E00365B22 /* ChatViewController.m */; };
		B69F0E28113FFA3E00365B22 /* ChatViewController.xib in Resources */ = {isa = PBXBuildFile; fileRef = B69F0E24113FFA3E00365B22 /* ChatViewController.xib */; };
		B69F0E2D113FFA7F00365B22 /* Bonjour.xib in Resources */ = {isa = PBXBuildFile; fileRef = B69F0E2C113FFA7F00365B22 /* Bonjour.xib */; };
		B69F0E2E113FFA7F00365B22 /* Bonjour.xib in Resources */ = {isa = PBXBuildFile; fileRef = B69F0E2C113FFA7F00365B22 /* Bonjour.xib */; };
		B69F0E32113FFAAA00365B22 /* Message.m in Sources */ = {isa = PBXBuildFile; fileRef = B69F0E31113FFAAA00365B22 /* Message.m */; };
		B69F0E33113FFAAA00365B22 /* Message.m in Sources */ = {isa = PBXBuildFile; fileRef = B69F0E31113FFAAA00365B22 /* Message.m */; };
		B69F0E37113FFAE100365B22 /* ServerlessDemo.xcdatamodel in Sources */ = {isa = PBXBuildFile; fileRef = B69F0E36113FFAE100365B22 /* ServerlessDemo.xcdatamodel */; };
		B69F0E38113FFAE100365B22 /* ServerlessDemo.xcdatamodel in Sources */ = {isa = PBXBuildFile; fileRef = B69F0E36113FFAE100365B22 /* ServerlessDemo.xcdatamodel */; };
		B69F0E3B113FFAEA00365B22 /* ServerlessDemoAppDelegate.m in Sources */ = {isa = PBXBuildFile; fileRef = B69F0E3A113FFAEA00365B22 /* ServerlessDemoAppDelegate.m */; };
		B69F0E3C113FFAEA00365B22 /* ServerlessDemoAppDelegate.m in Sources */ = {isa = PBXBuildFile; fileRef = B69F0E3A113FFAEA00365B22 /* ServerlessDemoAppDelegate.m */; };
		B69F0E41113FFB0200365B22 /* Service.m in Sources */ = {isa = PBXBuildFile; fileRef = B69F0E3E113FFB0200365B22 /* Service.m */; };
		B69F0E42113FFB0200365B22 /* StreamController.m in Sources */ = {isa = PBXBuildFile; fileRef = B69F0E40113FFB0200365B22 /* StreamController.m */; };
		B69F0E43113FFB0200365B22 /* Service.m in Sources */ = {isa = PBXBuildFile; fileRef = B69F0E3E113FFB0200365B22 /* Service.m */; };
		B69F0E44113FFB0200365B22 /* StreamController.m in Sources */ = {isa = PBXBuildFile; fileRef = B69F0E40113FFB0200365B22 /* StreamController.m */; };
		B69F0E52113FFB2E00365B22 /* DDString.m in Sources */ = {isa = PBXBuildFile; fileRef = B69F0E51113FFB2E00365B22 /* DDString.m */; };
		B69F0E53113FFB2E00365B22 /* DDString.m in Sources */ = {isa = PBXBuildFile; fileRef = B69F0E51113FFB2E00365B22 /* DDString.m */; };
		B69F0E67113FFD1000365B22 /* SLRootViewController.m in Sources */ = {isa = PBXBuildFile; fileRef = B69F0E65113FFD1000365B22 /* SLRootViewController.m */; };
		B69F0E68113FFD1000365B22 /* SLRootViewController.xib in Resources */ = {isa = PBXBuildFile; fileRef = B69F0E66113FFD1000365B22 /* SLRootViewController.xib */; };
		B69F0E69113FFD1000365B22 /* SLRootViewController.m in Sources */ = {isa = PBXBuildFile; fileRef = B69F0E65113FFD1000365B22 /* SLRootViewController.m */; };
		B69F0E6A113FFD1000365B22 /* SLRootViewController.xib in Resources */ = {isa = PBXBuildFile; fileRef = B69F0E66113FFD1000365B22 /* SLRootViewController.xib */; };
		B69F0ECA113FFE5F00365B22 /* UnreadIndicator.png in Resources */ = {isa = PBXBuildFile; fileRef = B69F0EC9113FFE5F00365B22 /* UnreadIndicator.png */; };
		B69F0ECB113FFE5F00365B22 /* UnreadIndicator.png in Resources */ = {isa = PBXBuildFile; fileRef = B69F0EC9113FFE5F00365B22 /* UnreadIndicator.png */; };
		B69F0ECD113FFE6800365B22 /* GreenBubble.png in Resources */ = {isa = PBXBuildFile; fileRef = B69F0ECC113FFE6800365B22 /* GreenBubble.png */; };
		B69F0ECE113FFE6800365B22 /* GreenBubble.png in Resources */ = {isa = PBXBuildFile; fileRef = B69F0ECC113FFE6800365B22 /* GreenBubble.png */; };
		B6A67EE611357B8300EA4712 /* QRImagePickerController.m in Sources */ = {isa = PBXBuildFile; fileRef = B6A67EE211357B8300EA4712 /* QRImagePickerController.m */; };
		B6A67EE711357B8300EA4712 /* qruiAppDelegate.m in Sources */ = {isa = PBXBuildFile; fileRef = B6A67EE511357B8300EA4712 /* qruiAppDelegate.m */; };
		B6A67F2C11357F2000EA4712 /* Data.plist in Resources */ = {isa = PBXBuildFile; fileRef = B6A67F1D11357F2000EA4712 /* Data.plist */; };
		B6A67F2D11357F2000EA4712 /* DetailViewController.m in Sources */ = {isa = PBXBuildFile; fileRef = B6A67F1F11357F2000EA4712 /* DetailViewController.m */; };
		B6A67F2E11357F2000EA4712 /* DrillDownAppAppDelegate.m in Sources */ = {isa = PBXBuildFile; fileRef = B6A67F2111357F2000EA4712 /* DrillDownAppAppDelegate.m */; };
		B6A67F2F11357F2000EA4712 /* RootViewController.m in Sources */ = {isa = PBXBuildFile; fileRef = B6A67F2311357F2000EA4712 /* RootViewController.m */; };
		B6A67F3011357F2000EA4712 /* DetailView.xib in Resources */ = {isa = PBXBuildFile; fileRef = B6A67F2411357F2000EA4712 /* DetailView.xib */; };
		B6A67F3111357F2000EA4712 /* main.m in Sources */ = {isa = PBXBuildFile; fileRef = B6A67F2911357F2000EA4712 /* main.m */; };
		B6A67F3211357F2000EA4712 /* ListsMainWindow.xib in Resources */ = {isa = PBXBuildFile; fileRef = B6A67F2A11357F2000EA4712 /* ListsMainWindow.xib */; };
		B6A67F3311357F2000EA4712 /* RootViewController.xib in Resources */ = {isa = PBXBuildFile; fileRef = B6A67F2B11357F2000EA4712 /* RootViewController.xib */; };
		B6A67F3411357F2000EA4712 /* Data.plist in Resources */ = {isa = PBXBuildFile; fileRef = B6A67F1D11357F2000EA4712 /* Data.plist */; };
		B6A67F3511357F2000EA4712 /* DetailViewController.m in Sources */ = {isa = PBXBuildFile; fileRef = B6A67F1F11357F2000EA4712 /* DetailViewController.m */; };
		B6A67F3611357F2000EA4712 /* DrillDownAppAppDelegate.m in Sources */ = {isa = PBXBuildFile; fileRef = B6A67F2111357F2000EA4712 /* DrillDownAppAppDelegate.m */; };
		B6A67F3711357F2000EA4712 /* RootViewController.m in Sources */ = {isa = PBXBuildFile; fileRef = B6A67F2311357F2000EA4712 /* RootViewController.m */; };
		B6A67F3811357F2000EA4712 /* DetailView.xib in Resources */ = {isa = PBXBuildFile; fileRef = B6A67F2411357F2000EA4712 /* DetailView.xib */; };
		B6A67F3911357F2000EA4712 /* main.m in Sources */ = {isa = PBXBuildFile; fileRef = B6A67F2911357F2000EA4712 /* main.m */; };
		B6A67F3A11357F2000EA4712 /* ListsMainWindow.xib in Resources */ = {isa = PBXBuildFile; fileRef = B6A67F2A11357F2000EA4712 /* ListsMainWindow.xib */; };
		B6A67F3B11357F2000EA4712 /* RootViewController.xib in Resources */ = {isa = PBXBuildFile; fileRef = B6A67F2B11357F2000EA4712 /* RootViewController.xib */; };
		B6AFC753113812110013DE80 /* FINGERPRINT.jpg in Resources */ = {isa = PBXBuildFile; fileRef = B6AFC752113812110013DE80 /* FINGERPRINT.jpg */; };
		B6AFC754113812110013DE80 /* FINGERPRINT.jpg in Resources */ = {isa = PBXBuildFile; fileRef = B6AFC752113812110013DE80 /* FINGERPRINT.jpg */; };
		B6B32F89113BE73F005F31EB /* qr_bg_blur.png in Resources */ = {isa = PBXBuildFile; fileRef = B6B32F88113BE73F005F31EB /* qr_bg_blur.png */; };
		B6B32F8A113BE73F005F31EB /* qr_bg_blur.png in Resources */ = {isa = PBXBuildFile; fileRef = B6B32F88113BE73F005F31EB /* qr_bg_blur.png */; };
		B6BD0FE71131ECE400ED28CD /* libidn.a in Frameworks */ = {isa = PBXBuildFile; fileRef = B6BD0FE61131ECE400ED28CD /* libidn.a */; };
		B6BD101F1132A25500ED28CD /* CFNetwork.framework in Frameworks */ = {isa = PBXBuildFile; fileRef = B6BD101E1132A25500ED28CD /* CFNetwork.framework */; };
		B6BD10311132A46F00ED28CD /* CFNetwork.framework in Frameworks */ = {isa = PBXBuildFile; fileRef = B6BD10301132A46F00ED28CD /* CFNetwork.framework */; };
		B6BD10521132A5B100ED28CD /* SystemConfiguration.framework in Frameworks */ = {isa = PBXBuildFile; fileRef = B6BD10511132A5B100ED28CD /* SystemConfiguration.framework */; };
		B6C9591E1133065E00CF15AA /* libiconv.2.dylib in Frameworks */ = {isa = PBXBuildFile; fileRef = B6C9591D1133065D00CF15AA /* libiconv.2.dylib */; };
		B6C95A9E11331F8800CF15AA /* libiconv.2.dylib in Frameworks */ = {isa = PBXBuildFile; fileRef = B6C9591D1133065D00CF15AA /* libiconv.2.dylib */; };
		B6C95A9F11331F9A00CF15AA /* CoreGraphics.framework in Frameworks */ = {isa = PBXBuildFile; fileRef = 288765070DF74369002DB57D /* CoreGraphics.framework */; };
		B6C95AA011331F9B00CF15AA /* Foundation.framework in Frameworks */ = {isa = PBXBuildFile; fileRef = 1D30AB110D05D00D00671497 /* Foundation.framework */; };
		B6C95AA51133210600CF15AA /* XMPPResource.m in Sources */ = {isa = PBXBuildFile; fileRef = B67CC3DB10A5766500511209 /* XMPPResource.m */; };
		B6C95AA71133210700CF15AA /* DDXMLDocument.m in Sources */ = {isa = PBXBuildFile; fileRef = B67CC3AC10A5764900511209 /* DDXMLDocument.m */; };
		B6E095C510B1AE4E00F27218 /* Entitlements.plist in Resources */ = {isa = PBXBuildFile; fileRef = B6E095C410B1AE4E00F27218 /* Entitlements.plist */; };
		B6E095E310B1B77E00F27218 /* iTunesArtwork in Resources */ = {isa = PBXBuildFile; fileRef = B6E095E210B1B77E00F27218 /* iTunesArtwork */; };
		B6E6D5F5113E9A27009DD63D /* WebViewController.m in Sources */ = {isa = PBXBuildFile; fileRef = B6E6D5F4113E9A27009DD63D /* WebViewController.m */; };
		B6E6D5F6113E9A27009DD63D /* WebViewController.m in Sources */ = {isa = PBXBuildFile; fileRef = B6E6D5F4113E9A27009DD63D /* WebViewController.m */; };
/* End PBXBuildFile section */

/* Begin PBXContainerItemProxy section */
		B6B74BFE113577B900DD019D /* PBXContainerItemProxy */ = {
			isa = PBXContainerItemProxy;
			containerPortal = B6B74BF7113577B900DD019D /* qrlib.xcodeproj */;
			proxyType = 2;
			remoteGlobalIDString = D2AAC07E0554694100DB518D;
			remoteInfo = qrlib;
		};
/* End PBXContainerItemProxy section */

/* Begin PBXFileReference section */
		1D30AB110D05D00D00671497 /* Foundation.framework */ = {isa = PBXFileReference; lastKnownFileType = wrapper.framework; name = Foundation.framework; path = System/Library/Frameworks/Foundation.framework; sourceTree = SDKROOT; };
		1D3623240D0F684500981E51 /* Gumbovi1AppDelegate.h */ = {isa = PBXFileReference; fileEncoding = 4; lastKnownFileType = sourcecode.c.h; path = Gumbovi1AppDelegate.h; sourceTree = "<group>"; };
		1D3623250D0F684500981E51 /* Gumbovi1AppDelegate.m */ = {isa = PBXFileReference; fileEncoding = 4; lastKnownFileType = sourcecode.c.objc; path = Gumbovi1AppDelegate.m; sourceTree = "<group>"; };
		1D6058910D05DD3D006BFB54 /* Gumbovi1.app */ = {isa = PBXFileReference; explicitFileType = wrapper.application; includeInIndex = 0; path = Gumbovi1.app; sourceTree = BUILT_PRODUCTS_DIR; };
		1DF5F4DF0D08C38300B7A737 /* UIKit.framework */ = {isa = PBXFileReference; lastKnownFileType = wrapper.framework; name = UIKit.framework; path = System/Library/Frameworks/UIKit.framework; sourceTree = SDKROOT; };
		28216C950DB411BC00E5133A /* FirstViewController.h */ = {isa = PBXFileReference; fileEncoding = 4; lastKnownFileType = sourcecode.c.h; path = FirstViewController.h; sourceTree = "<group>"; };
		28216C960DB411BC00E5133A /* FirstViewController.m */ = {isa = PBXFileReference; fileEncoding = 4; lastKnownFileType = sourcecode.c.objc; path = FirstViewController.m; sourceTree = "<group>"; };
		288765070DF74369002DB57D /* CoreGraphics.framework */ = {isa = PBXFileReference; lastKnownFileType = wrapper.framework; name = CoreGraphics.framework; path = System/Library/Frameworks/CoreGraphics.framework; sourceTree = SDKROOT; };
		28A0AB4B0D9B1048005BE974 /* Gumbovi1_Prefix.pch */ = {isa = PBXFileReference; fileEncoding = 4; lastKnownFileType = sourcecode.c.h; path = Gumbovi1_Prefix.pch; sourceTree = "<group>"; };
		29B97316FDCFA39411CA2CEA /* main.m */ = {isa = PBXFileReference; fileEncoding = 4; lastKnownFileType = sourcecode.c.objc; path = main.m; sourceTree = "<group>"; };
		8D1107310486CEB800E47090 /* Gumbovi1-Info.plist */ = {isa = PBXFileReference; fileEncoding = 4; lastKnownFileType = text.plist.xml; path = "Gumbovi1-Info.plist"; plistStructureDefinitionIdentifier = "com.apple.xcode.plist.structure-definition.iphone.info-plist"; sourceTree = "<group>"; };
		B622B62810A5B9E8007E8F37 /* MainWindow.xib */ = {isa = PBXFileReference; lastKnownFileType = file.xib; path = MainWindow.xib; sourceTree = "<group>"; };
		B647EF911134611000A52058 /* QRGumbovi.app */ = {isa = PBXFileReference; explicitFileType = wrapper.application; includeInIndex = 0; path = QRGumbovi.app; sourceTree = BUILT_PRODUCTS_DIR; };
		B648FE9110D1A3040068001F /* heartbuttons4-down-100x.png */ = {isa = PBXFileReference; lastKnownFileType = image.png; path = "heartbuttons4-down-100x.png"; sourceTree = "<group>"; };
		B648FE9210D1A3040068001F /* heartbuttons4-down.png */ = {isa = PBXFileReference; lastKnownFileType = image.png; path = "heartbuttons4-down.png"; sourceTree = "<group>"; };
		B648FE9310D1A3040068001F /* heartbuttons4-left-100x.png */ = {isa = PBXFileReference; lastKnownFileType = image.png; path = "heartbuttons4-left-100x.png"; sourceTree = "<group>"; };
		B648FE9410D1A3040068001F /* heartbuttons4-left.png */ = {isa = PBXFileReference; lastKnownFileType = image.png; path = "heartbuttons4-left.png"; sourceTree = "<group>"; };
		B648FE9510D1A3040068001F /* heartbuttons4-righ-100x.png */ = {isa = PBXFileReference; lastKnownFileType = image.png; path = "heartbuttons4-righ-100x.png"; sourceTree = "<group>"; };
		B648FE9610D1A3040068001F /* heartbuttons4-righ.png */ = {isa = PBXFileReference; lastKnownFileType = image.png; path = "heartbuttons4-righ.png"; sourceTree = "<group>"; };
		B648FE9710D1A3040068001F /* heartbuttons4-up-100x.png */ = {isa = PBXFileReference; lastKnownFileType = image.png; path = "heartbuttons4-up-100x.png"; sourceTree = "<group>"; };
		B648FE9810D1A3040068001F /* heartbuttons4-up.png */ = {isa = PBXFileReference; lastKnownFileType = image.png; path = "heartbuttons4-up.png"; sourceTree = "<group>"; };
		B64E91D0113D3ABC002137A2 /* LinkedTVRosterTableController.h */ = {isa = PBXFileReference; fileEncoding = 4; lastKnownFileType = sourcecode.c.h; path = LinkedTVRosterTableController.h; sourceTree = "<group>"; };
		B64E91D1113D3ABC002137A2 /* LinkedTVRosterTableController.m */ = {isa = PBXFileReference; fileEncoding = 4; lastKnownFileType = sourcecode.c.objc; path = LinkedTVRosterTableController.m; sourceTree = "<group>"; };
		B64E9334113D6699002137A2 /* pop.wav */ = {isa = PBXFileReference; lastKnownFileType = audio.wav; path = pop.wav; sourceTree = "<group>"; };
		B656AA3010ADDCBD0089D78F /* Image.jpg */ = {isa = PBXFileReference; lastKnownFileType = image.jpeg; path = Image.jpg; sourceTree = "<group>"; };
		B656AA3510ADDCBD0089D78F /* Data.plist */ = {isa = PBXFileReference; fileEncoding = 4; lastKnownFileType = text.plist.xml; path = Data.plist; sourceTree = "<group>"; };
		B656AA3610ADDCBD0089D78F /* notube.json */ = {isa = PBXFileReference; fileEncoding = 4; lastKnownFileType = text; path = notube.json; sourceTree = "<group>"; };
		B656AA4610ADDD590089D78F /* JSON.h */ = {isa = PBXFileReference; fileEncoding = 4; lastKnownFileType = sourcecode.c.h; path = JSON.h; sourceTree = "<group>"; };
		B656AA4710ADDD590089D78F /* NSObject+SBJSON.h */ = {isa = PBXFileReference; fileEncoding = 4; lastKnownFileType = sourcecode.c.h; path = "NSObject+SBJSON.h"; sourceTree = "<group>"; };
		B656AA4810ADDD590089D78F /* NSObject+SBJSON.m */ = {isa = PBXFileReference; fileEncoding = 4; lastKnownFileType = sourcecode.c.objc; path = "NSObject+SBJSON.m"; sourceTree = "<group>"; };
		B656AA4910ADDD590089D78F /* NSString+SBJSON.h */ = {isa = PBXFileReference; fileEncoding = 4; lastKnownFileType = sourcecode.c.h; path = "NSString+SBJSON.h"; sourceTree = "<group>"; };
		B656AA4A10ADDD590089D78F /* NSString+SBJSON.m */ = {isa = PBXFileReference; fileEncoding = 4; lastKnownFileType = sourcecode.c.objc; path = "NSString+SBJSON.m"; sourceTree = "<group>"; };
		B656AA4B10ADDD590089D78F /* SBJSON.h */ = {isa = PBXFileReference; fileEncoding = 4; lastKnownFileType = sourcecode.c.h; path = SBJSON.h; sourceTree = "<group>"; };
		B656AA4C10ADDD590089D78F /* SBJSON.m */ = {isa = PBXFileReference; fileEncoding = 4; lastKnownFileType = sourcecode.c.objc; path = SBJSON.m; sourceTree = "<group>"; };
		B656AA4D10ADDD590089D78F /* SBJsonBase.h */ = {isa = PBXFileReference; fileEncoding = 4; lastKnownFileType = sourcecode.c.h; path = SBJsonBase.h; sourceTree = "<group>"; };
		B656AA4E10ADDD590089D78F /* SBJsonBase.m */ = {isa = PBXFileReference; fileEncoding = 4; lastKnownFileType = sourcecode.c.objc; path = SBJsonBase.m; sourceTree = "<group>"; };
		B656AA4F10ADDD590089D78F /* SBJsonParser.h */ = {isa = PBXFileReference; fileEncoding = 4; lastKnownFileType = sourcecode.c.h; path = SBJsonParser.h; sourceTree = "<group>"; };
		B656AA5010ADDD590089D78F /* SBJsonParser.m */ = {isa = PBXFileReference; fileEncoding = 4; lastKnownFileType = sourcecode.c.objc; path = SBJsonParser.m; sourceTree = "<group>"; };
		B656AA5110ADDD590089D78F /* SBJsonWriter.h */ = {isa = PBXFileReference; fileEncoding = 4; lastKnownFileType = sourcecode.c.h; path = SBJsonWriter.h; sourceTree = "<group>"; };
		B656AA5210ADDD590089D78F /* SBJsonWriter.m */ = {isa = PBXFileReference; fileEncoding = 4; lastKnownFileType = sourcecode.c.objc; path = SBJsonWriter.m; sourceTree = "<group>"; };
		B668E56D10D0F67500EDD38D /* heartbuttons4-100x.png */ = {isa = PBXFileReference; lastKnownFileType = image.png; path = "heartbuttons4-100x.png"; sourceTree = "<group>"; };
		B668E56E10D0F67500EDD38D /* heartbuttons4.png */ = {isa = PBXFileReference; lastKnownFileType = image.png; path = heartbuttons4.png; sourceTree = "<group>"; };
		B66B41311137FBE0003FFDF8 /* AudioToolbox.framework */ = {isa = PBXFileReference; lastKnownFileType = wrapper.framework; name = AudioToolbox.framework; path = System/Library/Frameworks/AudioToolbox.framework; sourceTree = SDKROOT; };
		B66F4134113BCCA5004DF167 /* Decoder.h */ = {isa = PBXFileReference; fileEncoding = 4; lastKnownFileType = sourcecode.c.h; path = Decoder.h; sourceTree = SOURCE_ROOT; };
		B66F4135113BCCA5004DF167 /* Decoder.mm */ = {isa = PBXFileReference; fileEncoding = 4; lastKnownFileType = sourcecode.cpp.objcpp; path = Decoder.mm; sourceTree = SOURCE_ROOT; };
		B66F4136113BCCA5004DF167 /* DecoderController.h */ = {isa = PBXFileReference; fileEncoding = 4; lastKnownFileType = sourcecode.c.h; path = DecoderController.h; sourceTree = SOURCE_ROOT; };
		B66F4137113BCCA5004DF167 /* DecoderController.m */ = {isa = PBXFileReference; fileEncoding = 4; lastKnownFileType = sourcecode.c.objc; path = DecoderController.m; sourceTree = SOURCE_ROOT; };
		B66F4146113BCD13004DF167 /* OverlayView.h */ = {isa = PBXFileReference; fileEncoding = 4; lastKnownFileType = sourcecode.c.h; path = OverlayView.h; sourceTree = SOURCE_ROOT; };
		B66F4147113BCD13004DF167 /* OverlayView.m */ = {isa = PBXFileReference; fileEncoding = 4; lastKnownFileType = sourcecode.c.objc; path = OverlayView.m; sourceTree = SOURCE_ROOT; };
		B67496821111AB4A0033F5D0 /* control_bar.png */ = {isa = PBXFileReference; lastKnownFileType = image.png; path = control_bar.png; sourceTree = "<group>"; };
		B67496841111AB7A0033F5D0 /* nav_wheel.png */ = {isa = PBXFileReference; lastKnownFileType = image.png; path = nav_wheel.png; sourceTree = "<group>"; };
		B67CC39510A5763500511209 /* foaflets-12pt.jpg */ = {isa = PBXFileReference; lastKnownFileType = image.jpeg; path = "foaflets-12pt.jpg"; sourceTree = "<group>"; };
		B67CC39610A5763500511209 /* Icon.png */ = {isa = PBXFileReference; lastKnownFileType = image.png; path = Icon.png; sourceTree = "<group>"; };
		B67CC39710A5763500511209 /* beancounter.jpg */ = {isa = PBXFileReference; lastKnownFileType = image.jpeg; path = beancounter.jpg; sourceTree = "<group>"; };
		B67CC39810A5763500511209 /* buttons.png */ = {isa = PBXFileReference; lastKnownFileType = image.png; path = buttons.png; sourceTree = "<group>"; };
		B67CC39E10A5763F00511209 /* idn-int.h */ = {isa = PBXFileReference; fileEncoding = 4; lastKnownFileType = sourcecode.c.h; path = "idn-int.h"; sourceTree = "<group>"; };
		B67CC3A510A5763F00511209 /* stringprep.h */ = {isa = PBXFileReference; fileEncoding = 4; lastKnownFileType = sourcecode.c.h; path = stringprep.h; sourceTree = "<group>"; };
		B67CC3AA10A5764900511209 /* DDXML.h */ = {isa = PBXFileReference; fileEncoding = 4; lastKnownFileType = sourcecode.c.h; path = DDXML.h; sourceTree = "<group>"; };
		B67CC3AB10A5764900511209 /* DDXMLDocument.h */ = {isa = PBXFileReference; fileEncoding = 4; lastKnownFileType = sourcecode.c.h; path = DDXMLDocument.h; sourceTree = "<group>"; };
		B67CC3AC10A5764900511209 /* DDXMLDocument.m */ = {isa = PBXFileReference; fileEncoding = 4; lastKnownFileType = sourcecode.c.objc; path = DDXMLDocument.m; sourceTree = "<group>"; };
		B67CC3AD10A5764900511209 /* DDXMLElement.h */ = {isa = PBXFileReference; fileEncoding = 4; lastKnownFileType = sourcecode.c.h; path = DDXMLElement.h; sourceTree = "<group>"; };
		B67CC3AE10A5764900511209 /* DDXMLElement.m */ = {isa = PBXFileReference; fileEncoding = 4; lastKnownFileType = sourcecode.c.objc; path = DDXMLElement.m; sourceTree = "<group>"; };
		B67CC3AF10A5764900511209 /* DDXMLNode.h */ = {isa = PBXFileReference; fileEncoding = 4; lastKnownFileType = sourcecode.c.h; path = DDXMLNode.h; sourceTree = "<group>"; };
		B67CC3B010A5764900511209 /* DDXMLNode.m */ = {isa = PBXFileReference; fileEncoding = 4; lastKnownFileType = sourcecode.c.objc; path = DDXMLNode.m; sourceTree = "<group>"; };
		B67CC3B110A5764900511209 /* DDXMLPrivate.h */ = {isa = PBXFileReference; fileEncoding = 4; lastKnownFileType = sourcecode.c.h; path = DDXMLPrivate.h; sourceTree = "<group>"; };
		B67CC3B210A5764900511209 /* NSStringAdditions.h */ = {isa = PBXFileReference; fileEncoding = 4; lastKnownFileType = sourcecode.c.h; path = NSStringAdditions.h; sourceTree = "<group>"; };
		B67CC3B310A5764900511209 /* NSStringAdditions.m */ = {isa = PBXFileReference; fileEncoding = 4; lastKnownFileType = sourcecode.c.objc; path = NSStringAdditions.m; sourceTree = "<group>"; };
		B67CC3B810A5766400511209 /* AsyncSocket.h */ = {isa = PBXFileReference; fileEncoding = 4; lastKnownFileType = sourcecode.c.h; path = AsyncSocket.h; sourceTree = "<group>"; };
		B67CC3B910A5766400511209 /* AsyncSocket.m */ = {isa = PBXFileReference; fileEncoding = 4; lastKnownFileType = sourcecode.c.objc; path = AsyncSocket.m; sourceTree = "<group>"; };
		B67CC3BA10A5766400511209 /* XMPP.exp */ = {isa = PBXFileReference; fileEncoding = 4; lastKnownFileType = sourcecode.exports; path = XMPP.exp; sourceTree = "<group>"; };
		B67CC3BB10A5766400511209 /* XMPP.h */ = {isa = PBXFileReference; fileEncoding = 4; lastKnownFileType = sourcecode.c.h; path = XMPP.h; sourceTree = "<group>"; };
		B67CC3BC10A5766400511209 /* XMPPClient.h */ = {isa = PBXFileReference; fileEncoding = 4; lastKnownFileType = sourcecode.c.h; path = XMPPClient.h; sourceTree = "<group>"; };
		B67CC3BD10A5766400511209 /* XMPPClient.m */ = {isa = PBXFileReference; fileEncoding = 4; lastKnownFileType = sourcecode.c.objc; path = XMPPClient.m; sourceTree = "<group>"; };
		B67CC3BE10A5766400511209 /* XMPPTransports.h */ = {isa = PBXFileReference; fileEncoding = 4; lastKnownFileType = sourcecode.c.h; path = XMPPTransports.h; sourceTree = "<group>"; };
		B67CC3BF10A5766400511209 /* XMPPTransports.m */ = {isa = PBXFileReference; fileEncoding = 4; lastKnownFileType = sourcecode.c.objc; path = XMPPTransports.m; sourceTree = "<group>"; };
		B67CC3C010A5766400511209 /* XMPPUser.h */ = {isa = PBXFileReference; fileEncoding = 4; lastKnownFileType = sourcecode.c.h; path = XMPPUser.h; sourceTree = "<group>"; };
		B67CC3C110A5766400511209 /* NSDataAdditions.m */ = {isa = PBXFileReference; fileEncoding = 4; lastKnownFileType = sourcecode.c.objc; path = NSDataAdditions.m; sourceTree = "<group>"; };
		B67CC3C210A5766400511209 /* NSDataAdditions.h */ = {isa = PBXFileReference; fileEncoding = 4; lastKnownFileType = sourcecode.c.h; path = NSDataAdditions.h; sourceTree = "<group>"; };
		B67CC3C310A5766400511209 /* stringprep.h */ = {isa = PBXFileReference; fileEncoding = 4; lastKnownFileType = sourcecode.c.h; path = stringprep.h; sourceTree = "<group>"; };
		B67CC3C410A5766500511209 /* idn-int.h */ = {isa = PBXFileReference; fileEncoding = 4; lastKnownFileType = sourcecode.c.h; path = "idn-int.h"; sourceTree = "<group>"; };
		B67CC3C510A5766500511209 /* XMPPUser.m */ = {isa = PBXFileReference; fileEncoding = 4; lastKnownFileType = sourcecode.c.objc; path = XMPPUser.m; sourceTree = "<group>"; };
		B67CC3C610A5766500511209 /* MulticastDelegate.m */ = {isa = PBXFileReference; fileEncoding = 4; lastKnownFileType = sourcecode.c.objc; path = MulticastDelegate.m; sourceTree = "<group>"; };
		B67CC3C710A5766500511209 /* MulticastDelegate.h */ = {isa = PBXFileReference; fileEncoding = 4; lastKnownFileType = sourcecode.c.h; path = MulticastDelegate.h; sourceTree = "<group>"; };
		B67CC3C810A5766500511209 /* XMPPElement.h */ = {isa = PBXFileReference; fileEncoding = 4; lastKnownFileType = sourcecode.c.h; path = XMPPElement.h; sourceTree = "<group>"; };
		B67CC3C910A5766500511209 /* XMPPElement.m */ = {isa = PBXFileReference; fileEncoding = 4; lastKnownFileType = sourcecode.c.objc; path = XMPPElement.m; sourceTree = "<group>"; };
		B67CC3CA10A5766500511209 /* XMPPIQ.h */ = {isa = PBXFileReference; fileEncoding = 4; lastKnownFileType = sourcecode.c.h; path = XMPPIQ.h; sourceTree = "<group>"; };
		B67CC3CB10A5766500511209 /* LibIDN.h */ = {isa = PBXFileReference; fileEncoding = 4; lastKnownFileType = sourcecode.c.h; path = LibIDN.h; sourceTree = "<group>"; };
		B67CC3CC10A5766500511209 /* LibIDN.m */ = {isa = PBXFileReference; fileEncoding = 4; lastKnownFileType = sourcecode.c.objc; path = LibIDN.m; sourceTree = "<group>"; };
		B67CC3CD10A5766500511209 /* NSXMLElementAdditions.m */ = {isa = PBXFileReference; fileEncoding = 4; lastKnownFileType = sourcecode.c.objc; path = NSXMLElementAdditions.m; sourceTree = "<group>"; };
		B67CC3CE10A5766500511209 /* NSXMLElementAdditions.h */ = {isa = PBXFileReference; fileEncoding = 4; lastKnownFileType = sourcecode.c.h; path = NSXMLElementAdditions.h; sourceTree = "<group>"; };
		B67CC3CF10A5766500511209 /* XMPPIQ.m */ = {isa = PBXFileReference; fileEncoding = 4; lastKnownFileType = sourcecode.c.objc; path = XMPPIQ.m; sourceTree = "<group>"; };
		B67CC3D010A5766500511209 /* XMPPJID.h */ = {isa = PBXFileReference; fileEncoding = 4; lastKnownFileType = sourcecode.c.h; path = XMPPJID.h; sourceTree = "<group>"; };
		B67CC3D110A5766500511209 /* XMPPJID.m */ = {isa = PBXFileReference; fileEncoding = 4; lastKnownFileType = sourcecode.c.objc; path = XMPPJID.m; sourceTree = "<group>"; };
		B67CC3D210A5766500511209 /* XMPPMessage.h */ = {isa = PBXFileReference; fileEncoding = 4; lastKnownFileType = sourcecode.c.h; path = XMPPMessage.h; sourceTree = "<group>"; };
		B67CC3D310A5766500511209 /* XMPPMessage.m */ = {isa = PBXFileReference; fileEncoding = 4; lastKnownFileType = sourcecode.c.objc; path = XMPPMessage.m; sourceTree = "<group>"; };
		B67CC3D410A5766500511209 /* XMPPParser.h */ = {isa = PBXFileReference; fileEncoding = 4; lastKnownFileType = sourcecode.c.h; path = XMPPParser.h; sourceTree = "<group>"; };
		B67CC3D510A5766500511209 /* XMPPParser.m */ = {isa = PBXFileReference; fileEncoding = 4; lastKnownFileType = sourcecode.c.objc; path = XMPPParser.m; sourceTree = "<group>"; };
		B67CC3D610A5766500511209 /* XMPPPing.h */ = {isa = PBXFileReference; fileEncoding = 4; lastKnownFileType = sourcecode.c.h; path = XMPPPing.h; sourceTree = "<group>"; };
		B67CC3D710A5766500511209 /* XMPPPing.m */ = {isa = PBXFileReference; fileEncoding = 4; lastKnownFileType = sourcecode.c.objc; path = XMPPPing.m; sourceTree = "<group>"; };
		B67CC3D810A5766500511209 /* XMPPPresence.h */ = {isa = PBXFileReference; fileEncoding = 4; lastKnownFileType = sourcecode.c.h; path = XMPPPresence.h; sourceTree = "<group>"; };
		B67CC3D910A5766500511209 /* XMPPPresence.m */ = {isa = PBXFileReference; fileEncoding = 4; lastKnownFileType = sourcecode.c.objc; path = XMPPPresence.m; sourceTree = "<group>"; };
		B67CC3DA10A5766500511209 /* XMPPResource.h */ = {isa = PBXFileReference; fileEncoding = 4; lastKnownFileType = sourcecode.c.h; path = XMPPResource.h; sourceTree = "<group>"; };
		B67CC3DB10A5766500511209 /* XMPPResource.m */ = {isa = PBXFileReference; fileEncoding = 4; lastKnownFileType = sourcecode.c.objc; path = XMPPResource.m; sourceTree = "<group>"; };
		B67CC3DC10A5766500511209 /* XMPPStream_Prefix.pch */ = {isa = PBXFileReference; fileEncoding = 4; lastKnownFileType = sourcecode.c.h; path = XMPPStream_Prefix.pch; sourceTree = "<group>"; };
		B67CC3DD10A5766500511209 /* XMPPStream.h */ = {isa = PBXFileReference; fileEncoding = 4; lastKnownFileType = sourcecode.c.h; path = XMPPStream.h; sourceTree = "<group>"; };
		B67CC3DE10A5766500511209 /* XMPPStream.m */ = {isa = PBXFileReference; fileEncoding = 4; lastKnownFileType = sourcecode.c.objc; path = XMPPStream.m; sourceTree = "<group>"; };
		B69F0DD4113FC43500365B22 /* README.TXT */ = {isa = PBXFileReference; fileEncoding = 4; lastKnownFileType = text; path = README.TXT; sourceTree = "<group>"; };
		B69F0E0F113FF99700365B22 /* CoreData.framework */ = {isa = PBXFileReference; lastKnownFileType = wrapper.framework; name = CoreData.framework; path = System/Library/Frameworks/CoreData.framework; sourceTree = SDKROOT; };
		B69F0E1B113FFA2E00365B22 /* BlueBubble.png */ = {isa = PBXFileReference; lastKnownFileType = image.png; path = BlueBubble.png; sourceTree = "<group>"; };
		B69F0E1C113FFA2E00365B22 /* BonjourClient.h */ = {isa = PBXFileReference; fileEncoding = 4; lastKnownFileType = sourcecode.c.h; path = BonjourClient.h; sourceTree = "<group>"; };
		B69F0E1D113FFA2E00365B22 /* BonjourClient.m */ = {isa = PBXFileReference; fileEncoding = 4; lastKnownFileType = sourcecode.c.objc; path = BonjourClient.m; sourceTree = "<group>"; };
		B69F0E22113FFA3E00365B22 /* ChatViewController.h */ = {isa = PBXFileReference; fileEncoding = 4; lastKnownFileType = sourcecode.c.h; path = ChatViewController.h; sourceTree = "<group>"; };
		B69F0E23113FFA3E00365B22 /* ChatViewController.m */ = {isa = PBXFileReference; fileEncoding = 4; lastKnownFileType = sourcecode.c.objc; path = ChatViewController.m; sourceTree = "<group>"; };
		B69F0E24113FFA3E00365B22 /* ChatViewController.xib */ = {isa = PBXFileReference; lastKnownFileType = file.xib; path = ChatViewController.xib; sourceTree = "<group>"; };
		B69F0E2C113FFA7F00365B22 /* Bonjour.xib */ = {isa = PBXFileReference; lastKnownFileType = file.xib; path = Bonjour.xib; sourceTree = "<group>"; };
		B69F0E30113FFAAA00365B22 /* Message.h */ = {isa = PBXFileReference; fileEncoding = 4; lastKnownFileType = sourcecode.c.h; path = Message.h; sourceTree = "<group>"; };
		B69F0E31113FFAAA00365B22 /* Message.m */ = {isa = PBXFileReference; fileEncoding = 4; lastKnownFileType = sourcecode.c.objc; path = Message.m; sourceTree = "<group>"; };
		B69F0E36113FFAE100365B22 /* ServerlessDemo.xcdatamodel */ = {isa = PBXFileReference; fileEncoding = 4; lastKnownFileType = wrapper.xcdatamodel; path = ServerlessDemo.xcdatamodel; sourceTree = "<group>"; };
		B69F0E39113FFAEA00365B22 /* ServerlessDemoAppDelegate.h */ = {isa = PBXFileReference; fileEncoding = 4; lastKnownFileType = sourcecode.c.h; path = ServerlessDemoAppDelegate.h; sourceTree = "<group>"; };
		B69F0E3A113FFAEA00365B22 /* ServerlessDemoAppDelegate.m */ = {isa = PBXFileReference; fileEncoding = 4; lastKnownFileType = sourcecode.c.objc; path = ServerlessDemoAppDelegate.m; sourceTree = "<group>"; };
		B69F0E3D113FFB0200365B22 /* Service.h */ = {isa = PBXFileReference; fileEncoding = 4; lastKnownFileType = sourcecode.c.h; path = Service.h; sourceTree = "<group>"; };
		B69F0E3E113FFB0200365B22 /* Service.m */ = {isa = PBXFileReference; fileEncoding = 4; lastKnownFileType = sourcecode.c.objc; path = Service.m; sourceTree = "<group>"; };
		B69F0E3F113FFB0200365B22 /* StreamController.h */ = {isa = PBXFileReference; fileEncoding = 4; lastKnownFileType = sourcecode.c.h; path = StreamController.h; sourceTree = "<group>"; };
		B69F0E40113FFB0200365B22 /* StreamController.m */ = {isa = PBXFileReference; fileEncoding = 4; lastKnownFileType = sourcecode.c.objc; path = StreamController.m; sourceTree = "<group>"; };
		B69F0E50113FFB2E00365B22 /* DDString.h */ = {isa = PBXFileReference; fileEncoding = 4; lastKnownFileType = sourcecode.c.h; path = DDString.h; sourceTree = "<group>"; };
		B69F0E51113FFB2E00365B22 /* DDString.m */ = {isa = PBXFileReference; fileEncoding = 4; lastKnownFileType = sourcecode.c.objc; path = DDString.m; sourceTree = "<group>"; };
		B69F0E65113FFD1000365B22 /* SLRootViewController.m */ = {isa = PBXFileReference; fileEncoding = 4; lastKnownFileType = sourcecode.c.objc; path = SLRootViewController.m; sourceTree = "<group>"; };
		B69F0E66113FFD1000365B22 /* SLRootViewController.xib */ = {isa = PBXFileReference; lastKnownFileType = file.xib; path = SLRootViewController.xib; sourceTree = "<group>"; };
		B69F0E6B113FFD1800365B22 /* SLRootViewController.h */ = {isa = PBXFileReference; fileEncoding = 4; lastKnownFileType = sourcecode.c.h; path = SLRootViewController.h; sourceTree = "<group>"; };
		B69F0EC9113FFE5F00365B22 /* UnreadIndicator.png */ = {isa = PBXFileReference; lastKnownFileType = image.png; path = UnreadIndicator.png; sourceTree = "<group>"; };
		B69F0ECC113FFE6800365B22 /* GreenBubble.png */ = {isa = PBXFileReference; lastKnownFileType = image.png; path = GreenBubble.png; sourceTree = "<group>"; };
		B6A67EE111357B8300EA4712 /* QRImagePickerController.h */ = {isa = PBXFileReference; fileEncoding = 4; lastKnownFileType = sourcecode.c.h; name = QRImagePickerController.h; path = qr/QRImagePickerController.h; sourceTree = SOURCE_ROOT; };
		B6A67EE211357B8300EA4712 /* QRImagePickerController.m */ = {isa = PBXFileReference; fileEncoding = 4; lastKnownFileType = sourcecode.c.objc; name = QRImagePickerController.m; path = qr/QRImagePickerController.m; sourceTree = SOURCE_ROOT; };
		B6A67EE311357B8300EA4712 /* qrui_Prefix.pch */ = {isa = PBXFileReference; fileEncoding = 4; lastKnownFileType = sourcecode.c.h; name = qrui_Prefix.pch; path = qr/qrui_Prefix.pch; sourceTree = SOURCE_ROOT; };
		B6A67EE411357B8300EA4712 /* qruiAppDelegate.h */ = {isa = PBXFileReference; fileEncoding = 4; lastKnownFileType = sourcecode.c.h; name = qruiAppDelegate.h; path = qr/qruiAppDelegate.h; sourceTree = SOURCE_ROOT; };
		B6A67EE511357B8300EA4712 /* qruiAppDelegate.m */ = {isa = PBXFileReference; fileEncoding = 4; lastKnownFileType = sourcecode.c.objc; name = qruiAppDelegate.m; path = qr/qruiAppDelegate.m; sourceTree = SOURCE_ROOT; };
		B6A67F1D11357F2000EA4712 /* Data.plist */ = {isa = PBXFileReference; fileEncoding = 4; lastKnownFileType = text.plist.xml; name = Data.plist; path = lists/Classes/Data.plist; sourceTree = SOURCE_ROOT; };
		B6A67F1E11357F2000EA4712 /* DetailViewController.h */ = {isa = PBXFileReference; fileEncoding = 4; lastKnownFileType = sourcecode.c.h; name = DetailViewController.h; path = lists/Classes/DetailViewController.h; sourceTree = SOURCE_ROOT; };
		B6A67F1F11357F2000EA4712 /* DetailViewController.m */ = {isa = PBXFileReference; fileEncoding = 4; lastKnownFileType = sourcecode.c.objc; name = DetailViewController.m; path = lists/Classes/DetailViewController.m; sourceTree = SOURCE_ROOT; };
		B6A67F2011357F2000EA4712 /* DrillDownAppAppDelegate.h */ = {isa = PBXFileReference; fileEncoding = 4; lastKnownFileType = sourcecode.c.h; name = DrillDownAppAppDelegate.h; path = lists/Classes/DrillDownAppAppDelegate.h; sourceTree = SOURCE_ROOT; };
		B6A67F2111357F2000EA4712 /* DrillDownAppAppDelegate.m */ = {isa = PBXFileReference; fileEncoding = 4; lastKnownFileType = sourcecode.c.objc; name = DrillDownAppAppDelegate.m; path = lists/Classes/DrillDownAppAppDelegate.m; sourceTree = SOURCE_ROOT; };
		B6A67F2211357F2000EA4712 /* RootViewController.h */ = {isa = PBXFileReference; fileEncoding = 4; lastKnownFileType = sourcecode.c.h; name = RootViewController.h; path = lists/Classes/RootViewController.h; sourceTree = SOURCE_ROOT; };
		B6A67F2311357F2000EA4712 /* RootViewController.m */ = {isa = PBXFileReference; fileEncoding = 4; lastKnownFileType = sourcecode.c.objc; name = RootViewController.m; path = lists/Classes/RootViewController.m; sourceTree = SOURCE_ROOT; };
		B6A67F2411357F2000EA4712 /* DetailView.xib */ = {isa = PBXFileReference; lastKnownFileType = file.xib; name = DetailView.xib; path = lists/DetailView.xib; sourceTree = SOURCE_ROOT; };
		B6A67F2911357F2000EA4712 /* main.m */ = {isa = PBXFileReference; fileEncoding = 4; lastKnownFileType = sourcecode.c.objc; name = main.m; path = lists/main.m; sourceTree = SOURCE_ROOT; };
		B6A67F2A11357F2000EA4712 /* ListsMainWindow.xib */ = {isa = PBXFileReference; lastKnownFileType = file.xib; path = ListsMainWindow.xib; sourceTree = "<group>"; };
		B6A67F2B11357F2000EA4712 /* RootViewController.xib */ = {isa = PBXFileReference; lastKnownFileType = file.xib; name = RootViewController.xib; path = lists/RootViewController.xib; sourceTree = SOURCE_ROOT; };
		B6AFC752113812110013DE80 /* FINGERPRINT.jpg */ = {isa = PBXFileReference; lastKnownFileType = image.jpeg; path = FINGERPRINT.jpg; sourceTree = "<group>"; };
		B6B32F88113BE73F005F31EB /* qr_bg_blur.png */ = {isa = PBXFileReference; lastKnownFileType = image.png; path = qr_bg_blur.png; sourceTree = "<group>"; };
		B6B74BF7113577B900DD019D /* qrlib.xcodeproj */ = {isa = PBXFileReference; lastKnownFileType = "wrapper.pb-project"; name = qrlib.xcodeproj; path = ../../qrlib/qrlib.xcodeproj; sourceTree = SOURCE_ROOT; };
		B6BD0FE61131ECE400ED28CD /* libidn.a */ = {isa = PBXFileReference; lastKnownFileType = archive.ar; name = libidn.a; path = libidn/Mac/libidn.a; sourceTree = "<group>"; };
		B6BD101E1132A25500ED28CD /* CFNetwork.framework */ = {isa = PBXFileReference; lastKnownFileType = wrapper.framework; name = CFNetwork.framework; path = System/Library/Frameworks/CFNetwork.framework; sourceTree = SDKROOT; };
		B6BD10301132A46F00ED28CD /* CFNetwork.framework */ = {isa = PBXFileReference; lastKnownFileType = wrapper.framework; name = CFNetwork.framework; path = System/Library/Frameworks/CFNetwork.framework; sourceTree = SDKROOT; };
		B6BD10511132A5B100ED28CD /* SystemConfiguration.framework */ = {isa = PBXFileReference; lastKnownFileType = wrapper.framework; name = SystemConfiguration.framework; path = System/Library/Frameworks/SystemConfiguration.framework; sourceTree = SDKROOT; };
		B6C9591D1133065D00CF15AA /* libiconv.2.dylib */ = {isa = PBXFileReference; lastKnownFileType = "compiled.mach-o.dylib"; name = libiconv.2.dylib; path = usr/lib/libiconv.2.dylib; sourceTree = SDKROOT; };
		B6E095C410B1AE4E00F27218 /* Entitlements.plist */ = {isa = PBXFileReference; fileEncoding = 4; lastKnownFileType = text.plist.xml; path = Entitlements.plist; sourceTree = "<group>"; };
		B6E095E210B1B77E00F27218 /* iTunesArtwork */ = {isa = PBXFileReference; lastKnownFileType = file; path = iTunesArtwork; sourceTree = "<group>"; };
		B6E6D5F3113E9A27009DD63D /* WebViewController.h */ = {isa = PBXFileReference; fileEncoding = 4; lastKnownFileType = sourcecode.c.h; path = WebViewController.h; sourceTree = "<group>"; };
		B6E6D5F4113E9A27009DD63D /* WebViewController.m */ = {isa = PBXFileReference; fileEncoding = 4; lastKnownFileType = sourcecode.c.objc; path = WebViewController.m; sourceTree = "<group>"; };
/* End PBXFileReference section */

/* Begin PBXFrameworksBuildPhase section */
		1D60588F0D05DD3D006BFB54 /* Frameworks */ = {
			isa = PBXFrameworksBuildPhase;
			buildActionMask = 2147483647;
			files = (
				1D60589F0D05DD5A006BFB54 /* Foundation.framework in Frameworks */,
				1DF5F4E00D08C38300B7A737 /* UIKit.framework in Frameworks */,
				288765080DF74369002DB57D /* CoreGraphics.framework in Frameworks */,
				B6BD0FE71131ECE400ED28CD /* libidn.a in Frameworks */,
				B6BD101F1132A25500ED28CD /* CFNetwork.framework in Frameworks */,
				B6BD10311132A46F00ED28CD /* CFNetwork.framework in Frameworks */,
				B6BD10521132A5B100ED28CD /* SystemConfiguration.framework in Frameworks */,
				B6C9591E1133065E00CF15AA /* libiconv.2.dylib in Frameworks */,
				B66B41331137FBE0003FFDF8 /* AudioToolbox.framework in Frameworks */,
				B66F4113113BCBFC004DF167 /* libqrlib.a in Frameworks */,
				B69F0E11113FF99700365B22 /* CoreData.framework in Frameworks */,
			);
			runOnlyForDeploymentPostprocessing = 0;
		};
		B6C959D51133172000CF15AA /* Frameworks */ = {
			isa = PBXFrameworksBuildPhase;
			buildActionMask = 2147483647;
			files = (
				B6C95A9E11331F8800CF15AA /* libiconv.2.dylib in Frameworks */,
				B6C95A9F11331F9A00CF15AA /* CoreGraphics.framework in Frameworks */,
				B6C95AA011331F9B00CF15AA /* Foundation.framework in Frameworks */,
				B66B41321137FBE0003FFDF8 /* AudioToolbox.framework in Frameworks */,
				B69F0E10113FF99700365B22 /* CoreData.framework in Frameworks */,
			);
			runOnlyForDeploymentPostprocessing = 0;
		};
/* End PBXFrameworksBuildPhase section */

/* Begin PBXGroup section */
		080E96DDFE201D6D7F000001 /* Classes */ = {
			isa = PBXGroup;
			children = (
				B656AA4510ADDD590089D78F /* JSON */,
				28216C950DB411BC00E5133A /* FirstViewController.h */,
				28216C960DB411BC00E5133A /* FirstViewController.m */,
				B6E6D5F3113E9A27009DD63D /* WebViewController.h */,
				B6E6D5F4113E9A27009DD63D /* WebViewController.m */,
				B64E91D0113D3ABC002137A2 /* LinkedTVRosterTableController.h */,
				B64E91D1113D3ABC002137A2 /* LinkedTVRosterTableController.m */,
				1D3623240D0F684500981E51 /* Gumbovi1AppDelegate.h */,
				1D3623250D0F684500981E51 /* Gumbovi1AppDelegate.m */,
			);
			path = Classes;
			sourceTree = "<group>";
		};
		19C28FACFE9D520D11CA2CBB /* Products */ = {
			isa = PBXGroup;
			children = (
				1D6058910D05DD3D006BFB54 /* Gumbovi1.app */,
				B647EF911134611000A52058 /* QRGumbovi.app */,
			);
			name = Products;
			sourceTree = "<group>";
		};
		29B97314FDCFA39411CA2CEA /* Gumbovi1 */ = {
			isa = PBXGroup;
			children = (
				B69F0E1A113FF9F500365B22 /* serverless */,
				B6A67F1B11357F2000EA4712 /* lists */,
				B6A67EE011357B8300EA4712 /* qr */,
				B6BD0FE61131ECE400ED28CD /* libidn.a */,
				B67CC3A910A5764900511209 /* KissXML */,
				B67CC39D10A5763F00511209 /* libidn */,
				080E96DDFE201D6D7F000001 /* Classes */,
				29B97315FDCFA39411CA2CEA /* Other Sources */,
				29B97317FDCFA39411CA2CEA /* Resources */,
				29B97323FDCFA39411CA2CEA /* Frameworks */,
				19C28FACFE9D520D11CA2CBB /* Products */,
				B6E095C410B1AE4E00F27218 /* Entitlements.plist */,
			);
			name = Gumbovi1;
			sourceTree = "<group>";
		};
		29B97315FDCFA39411CA2CEA /* Other Sources */ = {
			isa = PBXGroup;
			children = (
				B67CC3B810A5766400511209 /* AsyncSocket.h */,
				B67CC3B910A5766400511209 /* AsyncSocket.m */,
				B67CC3BA10A5766400511209 /* XMPP.exp */,
				B67CC3BB10A5766400511209 /* XMPP.h */,
				B67CC3BC10A5766400511209 /* XMPPClient.h */,
				B67CC3BD10A5766400511209 /* XMPPClient.m */,
				B67CC3BE10A5766400511209 /* XMPPTransports.h */,
				B67CC3BF10A5766400511209 /* XMPPTransports.m */,
				B67CC3C010A5766400511209 /* XMPPUser.h */,
				B67CC3C110A5766400511209 /* NSDataAdditions.m */,
				B67CC3C210A5766400511209 /* NSDataAdditions.h */,
				B67CC3C310A5766400511209 /* stringprep.h */,
				B67CC3C410A5766500511209 /* idn-int.h */,
				B67CC3C510A5766500511209 /* XMPPUser.m */,
				B67CC3C610A5766500511209 /* MulticastDelegate.m */,
				B67CC3C710A5766500511209 /* MulticastDelegate.h */,
				B67CC3C810A5766500511209 /* XMPPElement.h */,
				B67CC3C910A5766500511209 /* XMPPElement.m */,
				B67CC3CA10A5766500511209 /* XMPPIQ.h */,
				B67CC3CB10A5766500511209 /* LibIDN.h */,
				B6BD101E1132A25500ED28CD /* CFNetwork.framework */,
				B67CC3CC10A5766500511209 /* LibIDN.m */,
				B67CC3CD10A5766500511209 /* NSXMLElementAdditions.m */,
				B67CC3CE10A5766500511209 /* NSXMLElementAdditions.h */,
				B67CC3CF10A5766500511209 /* XMPPIQ.m */,
				B67CC3D010A5766500511209 /* XMPPJID.h */,
				B67CC3D110A5766500511209 /* XMPPJID.m */,
				B67CC3D210A5766500511209 /* XMPPMessage.h */,
				B67CC3D310A5766500511209 /* XMPPMessage.m */,
				B67CC3D410A5766500511209 /* XMPPParser.h */,
				B67CC3D510A5766500511209 /* XMPPParser.m */,
				B67CC3D610A5766500511209 /* XMPPPing.h */,
				B67CC3D710A5766500511209 /* XMPPPing.m */,
				B67CC3D810A5766500511209 /* XMPPPresence.h */,
				B67CC3D910A5766500511209 /* XMPPPresence.m */,
				B67CC3DA10A5766500511209 /* XMPPResource.h */,
				B67CC3DB10A5766500511209 /* XMPPResource.m */,
				B67CC3DC10A5766500511209 /* XMPPStream_Prefix.pch */,
				B67CC3DD10A5766500511209 /* XMPPStream.h */,
				B67CC3DE10A5766500511209 /* XMPPStream.m */,
				28A0AB4B0D9B1048005BE974 /* Gumbovi1_Prefix.pch */,
				29B97316FDCFA39411CA2CEA /* main.m */,
			);
			name = "Other Sources";
			sourceTree = "<group>";
		};
		29B97317FDCFA39411CA2CEA /* Resources */ = {
			isa = PBXGroup;
			children = (
				B6A67EF111357C8000EA4712 /* Images */,
				B69F0DD4113FC43500365B22 /* README.TXT */,
				B64E9334113D6699002137A2 /* pop.wav */,
				B656AA3510ADDCBD0089D78F /* Data.plist */,
				B656AA3610ADDCBD0089D78F /* notube.json */,
				B622B62810A5B9E8007E8F37 /* MainWindow.xib */,
				8D1107310486CEB800E47090 /* Gumbovi1-Info.plist */,
			);
			name = Resources;
			sourceTree = "<group>";
		};
		29B97323FDCFA39411CA2CEA /* Frameworks */ = {
			isa = PBXGroup;
			children = (
				B69F0E0F113FF99700365B22 /* CoreData.framework */,
				B66B41311137FBE0003FFDF8 /* AudioToolbox.framework */,
				B6C9591D1133065D00CF15AA /* libiconv.2.dylib */,
				B6BD10511132A5B100ED28CD /* SystemConfiguration.framework */,
				B6BD10301132A46F00ED28CD /* CFNetwork.framework */,
				1DF5F4DF0D08C38300B7A737 /* UIKit.framework */,
				1D30AB110D05D00D00671497 /* Foundation.framework */,
				288765070DF74369002DB57D /* CoreGraphics.framework */,
			);
			name = Frameworks;
			sourceTree = "<group>";
		};
		B648FE9010D1A3040068001F /* buttons */ = {
			isa = PBXGroup;
			children = (
				B648FE9110D1A3040068001F /* heartbuttons4-down-100x.png */,
				B648FE9210D1A3040068001F /* heartbuttons4-down.png */,
				B648FE9310D1A3040068001F /* heartbuttons4-left-100x.png */,
				B648FE9410D1A3040068001F /* heartbuttons4-left.png */,
				B648FE9510D1A3040068001F /* heartbuttons4-righ-100x.png */,
				B648FE9610D1A3040068001F /* heartbuttons4-righ.png */,
				B648FE9710D1A3040068001F /* heartbuttons4-up-100x.png */,
				B648FE9810D1A3040068001F /* heartbuttons4-up.png */,
			);
			path = buttons;
			sourceTree = "<group>";
		};
		B656AA4510ADDD590089D78F /* JSON */ = {
			isa = PBXGroup;
			children = (
				B656AA4610ADDD590089D78F /* JSON.h */,
				B656AA4710ADDD590089D78F /* NSObject+SBJSON.h */,
				B656AA4810ADDD590089D78F /* NSObject+SBJSON.m */,
				B656AA4910ADDD590089D78F /* NSString+SBJSON.h */,
				B656AA4A10ADDD590089D78F /* NSString+SBJSON.m */,
				B656AA4B10ADDD590089D78F /* SBJSON.h */,
				B656AA4C10ADDD590089D78F /* SBJSON.m */,
				B656AA4D10ADDD590089D78F /* SBJsonBase.h */,
				B656AA4E10ADDD590089D78F /* SBJsonBase.m */,
				B656AA4F10ADDD590089D78F /* SBJsonParser.h */,
				B656AA5010ADDD590089D78F /* SBJsonParser.m */,
				B656AA5110ADDD590089D78F /* SBJsonWriter.h */,
				B656AA5210ADDD590089D78F /* SBJsonWriter.m */,
			);
			path = JSON;
			sourceTree = "<group>";
		};
		B67CC39D10A5763F00511209 /* libidn */ = {
			isa = PBXGroup;
			children = (
				B67CC39E10A5763F00511209 /* idn-int.h */,
				B67CC39F10A5763F00511209 /* iphoneos */,
				B67CC3A110A5763F00511209 /* iphonesimulator */,
				B67CC3A310A5763F00511209 /* Mac */,
				B67CC3A510A5763F00511209 /* stringprep.h */,
			);
			path = libidn;
			sourceTree = "<group>";
		};
		B67CC39F10A5763F00511209 /* iphoneos */ = {
			isa = PBXGroup;
			children = (
			);
			path = iphoneos;
			sourceTree = "<group>";
		};
		B67CC3A110A5763F00511209 /* iphonesimulator */ = {
			isa = PBXGroup;
			children = (
			);
			path = iphonesimulator;
			sourceTree = "<group>";
		};
		B67CC3A310A5763F00511209 /* Mac */ = {
			isa = PBXGroup;
			children = (
			);
			path = Mac;
			sourceTree = "<group>";
		};
		B67CC3A910A5764900511209 /* KissXML */ = {
			isa = PBXGroup;
			children = (
				B67CC3AA10A5764900511209 /* DDXML.h */,
				B67CC3AB10A5764900511209 /* DDXMLDocument.h */,
				B67CC3AC10A5764900511209 /* DDXMLDocument.m */,
				B67CC3AD10A5764900511209 /* DDXMLElement.h */,
				B67CC3AE10A5764900511209 /* DDXMLElement.m */,
				B67CC3AF10A5764900511209 /* DDXMLNode.h */,
				B67CC3B010A5764900511209 /* DDXMLNode.m */,
				B67CC3B110A5764900511209 /* DDXMLPrivate.h */,
				B67CC3B210A5764900511209 /* NSStringAdditions.h */,
				B67CC3B310A5764900511209 /* NSStringAdditions.m */,
			);
			path = KissXML;
			sourceTree = "<group>";
		};
		B69F0E1A113FF9F500365B22 /* serverless */ = {
			isa = PBXGroup;
			children = (
				B69F0E1B113FFA2E00365B22 /* BlueBubble.png */,
				B69F0EC9113FFE5F00365B22 /* UnreadIndicator.png */,
				B69F0E65113FFD1000365B22 /* SLRootViewController.m */,
				B69F0E66113FFD1000365B22 /* SLRootViewController.xib */,
				B69F0E6B113FFD1800365B22 /* SLRootViewController.h */,
				B69F0E50113FFB2E00365B22 /* DDString.h */,
				B69F0ECC113FFE6800365B22 /* GreenBubble.png */,
				B69F0E51113FFB2E00365B22 /* DDString.m */,
				B69F0E3D113FFB0200365B22 /* Service.h */,
				B69F0E3E113FFB0200365B22 /* Service.m */,
				B69F0E3F113FFB0200365B22 /* StreamController.h */,
				B69F0E40113FFB0200365B22 /* StreamController.m */,
				B69F0E2C113FFA7F00365B22 /* Bonjour.xib */,
				B69F0E22113FFA3E00365B22 /* ChatViewController.h */,
				B69F0E23113FFA3E00365B22 /* ChatViewController.m */,
				B69F0E24113FFA3E00365B22 /* ChatViewController.xib */,
				B69F0E1C113FFA2E00365B22 /* BonjourClient.h */,
				B69F0E30113FFAAA00365B22 /* Message.h */,
				B69F0E39113FFAEA00365B22 /* ServerlessDemoAppDelegate.h */,
				B69F0E3A113FFAEA00365B22 /* ServerlessDemoAppDelegate.m */,
				B69F0E36113FFAE100365B22 /* ServerlessDemo.xcdatamodel */,
				B69F0E31113FFAAA00365B22 /* Message.m */,
				B69F0E1D113FFA2E00365B22 /* BonjourClient.m */,
			);
			name = serverless;
			sourceTree = "<group>";
		};
		B6A67EE011357B8300EA4712 /* qr */ = {
			isa = PBXGroup;
			children = (
				B6B74BF7113577B900DD019D /* qrlib.xcodeproj */,
				B66F4134113BCCA5004DF167 /* Decoder.h */,
				B66F4135113BCCA5004DF167 /* Decoder.mm */,
				B66F4136113BCCA5004DF167 /* DecoderController.h */,
				B66F4137113BCCA5004DF167 /* DecoderController.m */,
				B66F4146113BCD13004DF167 /* OverlayView.h */,
				B66F4147113BCD13004DF167 /* OverlayView.m */,
				B6A67EE111357B8300EA4712 /* QRImagePickerController.h */,
				B6A67EE211357B8300EA4712 /* QRImagePickerController.m */,
				B6A67EE311357B8300EA4712 /* qrui_Prefix.pch */,
				B6A67EE411357B8300EA4712 /* qruiAppDelegate.h */,
				B6A67EE511357B8300EA4712 /* qruiAppDelegate.m */,
			);
			path = qr;
			sourceTree = SOURCE_ROOT;
		};
		B6A67EF111357C8000EA4712 /* Images */ = {
			isa = PBXGroup;
			children = (
				B6B32F88113BE73F005F31EB /* qr_bg_blur.png */,
				B6AFC752113812110013DE80 /* FINGERPRINT.jpg */,
				B668E56D10D0F67500EDD38D /* heartbuttons4-100x.png */,
				B668E56E10D0F67500EDD38D /* heartbuttons4.png */,
				B67CC39810A5763500511209 /* buttons.png */,
				B648FE9010D1A3040068001F /* buttons */,
				B67496841111AB7A0033F5D0 /* nav_wheel.png */,
				B67496821111AB4A0033F5D0 /* control_bar.png */,
				B656AA3010ADDCBD0089D78F /* Image.jpg */,
				B67CC39510A5763500511209 /* foaflets-12pt.jpg */,
				B67CC39610A5763500511209 /* Icon.png */,
				B67CC39710A5763500511209 /* beancounter.jpg */,
				B6E095E210B1B77E00F27218 /* iTunesArtwork */,
			);
			name = Images;
			sourceTree = "<group>";
		};
		B6A67F1B11357F2000EA4712 /* lists */ = {
			isa = PBXGroup;
			children = (
				B6A67F1C11357F2000EA4712 /* Classes */,
				B6A67F2411357F2000EA4712 /* DetailView.xib */,
				B6A67F2911357F2000EA4712 /* main.m */,
				B6A67F2A11357F2000EA4712 /* ListsMainWindow.xib */,
				B6A67F2B11357F2000EA4712 /* RootViewController.xib */,
			);
			path = lists;
			sourceTree = SOURCE_ROOT;
		};
		B6A67F1C11357F2000EA4712 /* Classes */ = {
			isa = PBXGroup;
			children = (
				B6A67F1D11357F2000EA4712 /* Data.plist */,
				B6A67F1E11357F2000EA4712 /* DetailViewController.h */,
				B6A67F1F11357F2000EA4712 /* DetailViewController.m */,
				B6A67F2011357F2000EA4712 /* DrillDownAppAppDelegate.h */,
				B6A67F2111357F2000EA4712 /* DrillDownAppAppDelegate.m */,
				B6A67F2211357F2000EA4712 /* RootViewController.h */,
				B6A67F2311357F2000EA4712 /* RootViewController.m */,
			);
			name = Classes;
			path = lists/Classes;
			sourceTree = SOURCE_ROOT;
		};
		B6B74BF8113577B900DD019D /* Products */ = {
			isa = PBXGroup;
			children = (
				B6B74BFF113577B900DD019D /* libqrlib.a */,
			);
			name = Products;
			sourceTree = "<group>";
		};
/* End PBXGroup section */

/* Begin PBXNativeTarget section */
		1D6058900D05DD3D006BFB54 /* Gumbovi1 */ = {
			isa = PBXNativeTarget;
			buildConfigurationList = 1D6058960D05DD3E006BFB54 /* Build configuration list for PBXNativeTarget "Gumbovi1" */;
			buildPhases = (
				1D60588D0D05DD3D006BFB54 /* Resources */,
				1D60588E0D05DD3D006BFB54 /* Sources */,
				1D60588F0D05DD3D006BFB54 /* Frameworks */,
			);
			buildRules = (
			);
			dependencies = (
			);
			name = Gumbovi1;
			productName = Gumbovi1;
			productReference = 1D6058910D05DD3D006BFB54 /* Gumbovi1.app */;
			productType = "com.apple.product-type.application";
		};
		B6C959D61133172000CF15AA /* QRGumbovi */ = {
			isa = PBXNativeTarget;
			buildConfigurationList = B6C959DD1133172200CF15AA /* Build configuration list for PBXNativeTarget "QRGumbovi" */;
			buildPhases = (
				B6C959D31133172000CF15AA /* Resources */,
				B6C959D41133172000CF15AA /* Sources */,
				B6C959D51133172000CF15AA /* Frameworks */,
			);
			buildRules = (
			);
			dependencies = (
			);
			name = QRGumbovi;
			productName = QRGumbovi;
			productReference = B647EF911134611000A52058 /* QRGumbovi.app */;
			productType = "com.apple.product-type.application";
		};
/* End PBXNativeTarget section */

/* Begin PBXProject section */
		29B97313FDCFA39411CA2CEA /* Project object */ = {
			isa = PBXProject;
			buildConfigurationList = C01FCF4E08A954540054247B /* Build configuration list for PBXProject "Gumbovi1" */;
			compatibilityVersion = "Xcode 3.1";
			hasScannedForEncodings = 1;
			mainGroup = 29B97314FDCFA39411CA2CEA /* Gumbovi1 */;
			projectDirPath = "";
			projectReferences = (
				{
					ProductGroup = B6B74BF8113577B900DD019D /* Products */;
					ProjectRef = B6B74BF7113577B900DD019D /* qrlib.xcodeproj */;
				},
			);
			projectRoot = "";
			targets = (
				1D6058900D05DD3D006BFB54 /* Gumbovi1 */,
				B6C959D61133172000CF15AA /* QRGumbovi */,
			);
		};
/* End PBXProject section */

/* Begin PBXReferenceProxy section */
		B6B74BFF113577B900DD019D /* libqrlib.a */ = {
			isa = PBXReferenceProxy;
			fileType = archive.ar;
			path = libqrlib.a;
			remoteRef = B6B74BFE113577B900DD019D /* PBXContainerItemProxy */;
			sourceTree = BUILT_PRODUCTS_DIR;
		};
/* End PBXReferenceProxy section */

/* Begin PBXResourcesBuildPhase section */
		1D60588D0D05DD3D006BFB54 /* Resources */ = {
			isa = PBXResourcesBuildPhase;
			buildActionMask = 2147483647;
			files = (
				B67CC39910A5763500511209 /* foaflets-12pt.jpg in Resources */,
				B67CC39A10A5763500511209 /* Icon.png in Resources */,
				B67CC39B10A5763500511209 /* beancounter.jpg in Resources */,
				B67CC39C10A5763500511209 /* buttons.png in Resources */,
				B622B62A10A5B9E8007E8F37 /* MainWindow.xib in Resources */,
				B656AA3810ADDCBD0089D78F /* Image.jpg in Resources */,
				B656AA3D10ADDCBD0089D78F /* Data.plist in Resources */,
				B656AA3E10ADDCBD0089D78F /* notube.json in Resources */,
				B6E095C510B1AE4E00F27218 /* Entitlements.plist in Resources */,
				B6E095E310B1B77E00F27218 /* iTunesArtwork in Resources */,
				B668E56F10D0F67500EDD38D /* heartbuttons4-100x.png in Resources */,
				B668E57010D0F67500EDD38D /* heartbuttons4.png in Resources */,
				B648FE9910D1A3040068001F /* heartbuttons4-down-100x.png in Resources */,
				B648FE9A10D1A3040068001F /* heartbuttons4-down.png in Resources */,
				B648FE9B10D1A3040068001F /* heartbuttons4-left-100x.png in Resources */,
				B648FE9C10D1A3040068001F /* heartbuttons4-left.png in Resources */,
				B648FE9D10D1A3040068001F /* heartbuttons4-righ-100x.png in Resources */,
				B648FE9E10D1A3040068001F /* heartbuttons4-righ.png in Resources */,
				B648FE9F10D1A3040068001F /* heartbuttons4-up-100x.png in Resources */,
				B648FEA010D1A3040068001F /* heartbuttons4-up.png in Resources */,
				B67496831111AB4A0033F5D0 /* control_bar.png in Resources */,
				B67496851111AB7A0033F5D0 /* nav_wheel.png in Resources */,
				B6A67F3411357F2000EA4712 /* Data.plist in Resources */,
				B6A67F3811357F2000EA4712 /* DetailView.xib in Resources */,
				B6A67F3A11357F2000EA4712 /* ListsMainWindow.xib in Resources */,
				B6A67F3B11357F2000EA4712 /* RootViewController.xib in Resources */,
				B6AFC754113812110013DE80 /* FINGERPRINT.jpg in Resources */,
				B6B32F8A113BE73F005F31EB /* qr_bg_blur.png in Resources */,
				B64E9335113D6699002137A2 /* pop.wav in Resources */,
				B69F0DD6113FC43500365B22 /* README.TXT in Resources */,
				B69F0E20113FFA2E00365B22 /* BlueBubble.png in Resources */,
				B69F0E28113FFA3E00365B22 /* ChatViewController.xib in Resources */,
				B69F0E2E113FFA7F00365B22 /* Bonjour.xib in Resources */,
				B69F0E6A113FFD1000365B22 /* SLRootViewController.xib in Resources */,
				B69F0ECB113FFE5F00365B22 /* UnreadIndicator.png in Resources */,
				B69F0ECE113FFE6800365B22 /* GreenBubble.png in Resources */,
			);
			runOnlyForDeploymentPostprocessing = 0;
		};
		B6C959D31133172000CF15AA /* Resources */ = {
			isa = PBXResourcesBuildPhase;
			buildActionMask = 2147483647;
			files = (
				B6A67F2C11357F2000EA4712 /* Data.plist in Resources */,
				B6A67F3011357F2000EA4712 /* DetailView.xib in Resources */,
				B6A67F3211357F2000EA4712 /* ListsMainWindow.xib in Resources */,
				B6A67F3311357F2000EA4712 /* RootViewController.xib in Resources */,
				B6AFC753113812110013DE80 /* FINGERPRINT.jpg in Resources */,
				B6B32F89113BE73F005F31EB /* qr_bg_blur.png in Resources */,
				B64E9336113D6699002137A2 /* pop.wav in Resources */,
				B69F0DD5113FC43500365B22 /* README.TXT in Resources */,
				B69F0E1E113FFA2E00365B22 /* BlueBubble.png in Resources */,
				B69F0E26113FFA3E00365B22 /* ChatViewController.xib in Resources */,
				B69F0E2D113FFA7F00365B22 /* Bonjour.xib in Resources */,
				B69F0E68113FFD1000365B22 /* SLRootViewController.xib in Resources */,
				B69F0ECA113FFE5F00365B22 /* UnreadIndicator.png in Resources */,
				B69F0ECD113FFE6800365B22 /* GreenBubble.png in Resources */,
			);
			runOnlyForDeploymentPostprocessing = 0;
		};
/* End PBXResourcesBuildPhase section */

/* Begin PBXSourcesBuildPhase section */
		1D60588E0D05DD3D006BFB54 /* Sources */ = {
			isa = PBXSourcesBuildPhase;
			buildActionMask = 2147483647;
			files = (
				1D60589B0D05DD56006BFB54 /* main.m in Sources */,
				1D3623260D0F684500981E51 /* Gumbovi1AppDelegate.m in Sources */,
				28216C970DB411BC00E5133A /* FirstViewController.m in Sources */,
				B67CC3B410A5764900511209 /* DDXMLDocument.m in Sources */,
				B67CC3B510A5764900511209 /* DDXMLElement.m in Sources */,
				B67CC3B610A5764900511209 /* DDXMLNode.m in Sources */,
				B67CC3B710A5764900511209 /* NSStringAdditions.m in Sources */,
				B67CC3DF10A5766500511209 /* AsyncSocket.m in Sources */,
				B67CC3E010A5766500511209 /* XMPP.exp in Sources */,
				B67CC3E110A5766500511209 /* XMPPClient.m in Sources */,
				B67CC3E210A5766500511209 /* XMPPTransports.m in Sources */,
				B67CC3E310A5766500511209 /* NSDataAdditions.m in Sources */,
				B67CC3E410A5766500511209 /* XMPPUser.m in Sources */,
				B67CC3E510A5766500511209 /* MulticastDelegate.m in Sources */,
				B67CC3E610A5766500511209 /* XMPPElement.m in Sources */,
				B67CC3E710A5766500511209 /* LibIDN.m in Sources */,
				B67CC3E810A5766500511209 /* NSXMLElementAdditions.m in Sources */,
				B67CC3E910A5766500511209 /* XMPPIQ.m in Sources */,
				B67CC3EA10A5766500511209 /* XMPPJID.m in Sources */,
				B67CC3EB10A5766500511209 /* XMPPMessage.m in Sources */,
				B67CC3EC10A5766500511209 /* XMPPParser.m in Sources */,
				B67CC3ED10A5766500511209 /* XMPPPing.m in Sources */,
				B67CC3EE10A5766500511209 /* XMPPPresence.m in Sources */,
				B67CC3EF10A5766500511209 /* XMPPResource.m in Sources */,
				B67CC3F010A5766500511209 /* XMPPStream.m in Sources */,
				B656AA5310ADDD590089D78F /* NSObject+SBJSON.m in Sources */,
				B656AA5410ADDD590089D78F /* NSString+SBJSON.m in Sources */,
				B656AA5510ADDD590089D78F /* SBJSON.m in Sources */,
				B656AA5610ADDD590089D78F /* SBJsonBase.m in Sources */,
				B656AA5710ADDD590089D78F /* SBJsonParser.m in Sources */,
				B656AA5810ADDD590089D78F /* SBJsonWriter.m in Sources */,
				B6A67F3511357F2000EA4712 /* DetailViewController.m in Sources */,
				B6A67F3611357F2000EA4712 /* DrillDownAppAppDelegate.m in Sources */,
				B6A67F3711357F2000EA4712 /* RootViewController.m in Sources */,
				B6A67F3911357F2000EA4712 /* main.m in Sources */,
				B66F4105113BCB61004DF167 /* qruiAppDelegate.m in Sources */,
				B66F4114113BCC08004DF167 /* QRImagePickerController.m in Sources */,
				B66F413A113BCCA5004DF167 /* Decoder.mm in Sources */,
				B66F413B113BCCA5004DF167 /* DecoderController.m in Sources */,
				B66F4149113BCD13004DF167 /* OverlayView.m in Sources */,
				B64E91D2113D3ABC002137A2 /* LinkedTVRosterTableController.m in Sources */,
				B6E6D5F6113E9A27009DD63D /* WebViewController.m in Sources */,
				B69F0E21113FFA2E00365B22 /* BonjourClient.m in Sources */,
				B69F0E27113FFA3E00365B22 /* ChatViewController.m in Sources */,
				B69F0E33113FFAAA00365B22 /* Message.m in Sources */,
				B69F0E38113FFAE100365B22 /* ServerlessDemo.xcdatamodel in Sources */,
				B69F0E3C113FFAEA00365B22 /* ServerlessDemoAppDelegate.m in Sources */,
				B69F0E43113FFB0200365B22 /* Service.m in Sources */,
				B69F0E44113FFB0200365B22 /* StreamController.m in Sources */,
				B69F0E53113FFB2E00365B22 /* DDString.m in Sources */,
				B69F0E69113FFD1000365B22 /* SLRootViewController.m in Sources */,
			);
			runOnlyForDeploymentPostprocessing = 0;
		};
		B6C959D41133172000CF15AA /* Sources */ = {
			isa = PBXSourcesBuildPhase;
			buildActionMask = 2147483647;
			files = (
				B6C95AA51133210600CF15AA /* XMPPResource.m in Sources */,
				B6C95AA71133210700CF15AA /* DDXMLDocument.m in Sources */,
				B6A67EE611357B8300EA4712 /* QRImagePickerController.m in Sources */,
				B6A67EE711357B8300EA4712 /* qruiAppDelegate.m in Sources */,
				B6A67F2D11357F2000EA4712 /* DetailViewController.m in Sources */,
				B6A67F2E11357F2000EA4712 /* DrillDownAppAppDelegate.m in Sources */,
				B6A67F2F11357F2000EA4712 /* RootViewController.m in Sources */,
				B6A67F3111357F2000EA4712 /* main.m in Sources */,
				B66F4138113BCCA5004DF167 /* Decoder.mm in Sources */,
				B66F4139113BCCA5004DF167 /* DecoderController.m in Sources */,
				B66F4148113BCD13004DF167 /* OverlayView.m in Sources */,
				B64E91D3113D3ABC002137A2 /* LinkedTVRosterTableController.m in Sources */,
				B6E6D5F5113E9A27009DD63D /* WebViewController.m in Sources */,
				B69F0E1F113FFA2E00365B22 /* BonjourClient.m in Sources */,
				B69F0E25113FFA3E00365B22 /* ChatViewController.m in Sources */,
				B69F0E32113FFAAA00365B22 /* Message.m in Sources */,
				B69F0E37113FFAE100365B22 /* ServerlessDemo.xcdatamodel in Sources */,
				B69F0E3B113FFAEA00365B22 /* ServerlessDemoAppDelegate.m in Sources */,
				B69F0E41113FFB0200365B22 /* Service.m in Sources */,
				B69F0E42113FFB0200365B22 /* StreamController.m in Sources */,
				B69F0E52113FFB2E00365B22 /* DDString.m in Sources */,
				B69F0E67113FFD1000365B22 /* SLRootViewController.m in Sources */,
			);
			runOnlyForDeploymentPostprocessing = 0;
		};
/* End PBXSourcesBuildPhase section */

/* Begin XCBuildConfiguration section */
		1D6058940D05DD3E006BFB54 /* Debug */ = {
			isa = XCBuildConfiguration;
			buildSettings = {
				ALWAYS_SEARCH_USER_PATHS = NO;
				COPY_PHASE_STRIP = NO;
				FRAMEWORK_SEARCH_PATHS = (
					"$(inherited)",
					"\"$(SRCROOT)\"",
				);
				GCC_DYNAMIC_NO_PIC = NO;
				GCC_OPTIMIZATION_LEVEL = 0;
				GCC_PRECOMPILE_PREFIX_HEADER = YES;
				GCC_PREFIX_HEADER = Gumbovi1_Prefix.pch;
				INFOPLIST_FILE = "Gumbovi1-Info.plist";
				LIBRARY_SEARCH_PATHS = (
					"$(inherited)",
					"\"$(SRCROOT)/libidn/iphoneos\"",
					"\"$(SRCROOT)/libidn/iphonesimulator\"",
					"\"$(SRCROOT)/libidn/Mac\"",
					"\"$(SRCROOT)/../newsrc/trunk/libidn\"",
					"\"$(SRCROOT)\"",
				);
				OTHER_LDFLAGS = (
					"-framework",
					CFNetwork,
					"-lidn",
					"-lxml2",
				);
				PRODUCT_NAME = Gumbovi1;
			};
			name = Debug;
		};
		1D6058950D05DD3E006BFB54 /* Release */ = {
			isa = XCBuildConfiguration;
			buildSettings = {
				ALWAYS_SEARCH_USER_PATHS = NO;
				COPY_PHASE_STRIP = YES;
				FRAMEWORK_SEARCH_PATHS = (
					"$(inherited)",
					"\"$(SRCROOT)\"",
				);
				GCC_PRECOMPILE_PREFIX_HEADER = YES;
				GCC_PREFIX_HEADER = Gumbovi1_Prefix.pch;
				INFOPLIST_FILE = "Gumbovi1-Info.plist";
				LIBRARY_SEARCH_PATHS = (
					"$(inherited)",
					"\"$(SRCROOT)/libidn/iphoneos\"",
					"\"$(SRCROOT)/libidn/iphonesimulator\"",
					"\"$(SRCROOT)/libidn/Mac\"",
					"\"$(SRCROOT)/../newsrc/trunk/libidn\"",
					"\"$(SRCROOT)\"",
				);
				OTHER_LDFLAGS = (
					"-framework",
					CFNetwork,
					"-lidn",
					"-lxml2",
				);
				PRODUCT_NAME = Gumbovi1;
			};
			name = Release;
		};
		B6C959DA1133172200CF15AA /* Debug */ = {
			isa = XCBuildConfiguration;
			buildSettings = {
				ALWAYS_SEARCH_USER_PATHS = NO;
				CODE_SIGN_IDENTITY = "iPhone Developer";
				COPY_PHASE_STRIP = NO;
				GCC_DYNAMIC_NO_PIC = NO;
				GCC_OPTIMIZATION_LEVEL = 0;
				GCC_PRECOMPILE_PREFIX_HEADER = YES;
				GCC_PREFIX_HEADER = "$(SYSTEM_LIBRARY_DIR)/Frameworks/UIKit.framework/Headers/UIKit.h";
				INFOPLIST_FILE = "QRGumbovi-Info.plist";
				INSTALL_PATH = "$(HOME)/Applications";
				LIBRARY_SEARCH_PATHS = (
					"$(inherited)",
					"\"$(SRCROOT)\"",
				);
				OTHER_LDFLAGS = (
					"-framework",
					Foundation,
					"-framework",
					UIKit,
				);
				PREBINDING = NO;
				PRODUCT_NAME = QRGumbovi;
				SDKROOT = iphoneos3.1.3;
			};
			name = Debug;
		};
		B6C959DB1133172200CF15AA /* Release */ = {
			isa = XCBuildConfiguration;
			buildSettings = {
				ALWAYS_SEARCH_USER_PATHS = NO;
				CODE_SIGN_IDENTITY = "iPhone Developer";
				COPY_PHASE_STRIP = YES;
				DEBUG_INFORMATION_FORMAT = "dwarf-with-dsym";
				GCC_ENABLE_FIX_AND_CONTINUE = NO;
				GCC_PRECOMPILE_PREFIX_HEADER = YES;
				GCC_PREFIX_HEADER = "$(SYSTEM_LIBRARY_DIR)/Frameworks/UIKit.framework/Headers/UIKit.h";
				INFOPLIST_FILE = "QRGumbovi-Info.plist";
				INSTALL_PATH = "$(HOME)/Applications";
				LIBRARY_SEARCH_PATHS = (
					"$(inherited)",
					"\"$(SRCROOT)\"",
				);
				OTHER_LDFLAGS = (
					"-framework",
					Foundation,
					"-framework",
					UIKit,
				);
				PREBINDING = NO;
				PRODUCT_NAME = QRGumbovi;
				SDKROOT = iphoneos3.1.3;
				ZERO_LINK = NO;
			};
			name = Release;
		};
		B6C959DC1133172200CF15AA /* DistributionTest */ = {
			isa = XCBuildConfiguration;
			buildSettings = {
				ALWAYS_SEARCH_USER_PATHS = NO;
				CODE_SIGN_IDENTITY = "iPhone Developer";
				GCC_PRECOMPILE_PREFIX_HEADER = YES;
				GCC_PREFIX_HEADER = "$(SYSTEM_LIBRARY_DIR)/Frameworks/UIKit.framework/Headers/UIKit.h";
				INFOPLIST_FILE = "QRGumbovi-Info.plist";
				INSTALL_PATH = "$(HOME)/Applications";
				LIBRARY_SEARCH_PATHS = (
					"$(inherited)",
					"\"$(SRCROOT)\"",
				);
				OTHER_LDFLAGS = (
					"-framework",
					Foundation,
					"-framework",
					UIKit,
				);
				PREBINDING = NO;
				PRODUCT_NAME = QRGumbovi;
				SDKROOT = iphoneos3.1.3;
			};
			name = DistributionTest;
		};
		B6E095A010B1AB4100F27218 /* DistributionTest */ = {
			isa = XCBuildConfiguration;
			buildSettings = {
				ARCHS = "$(ARCHS_STANDARD_32_BIT)";
				"CODE_SIGN_IDENTITY[sdk=iphoneos*]" = "iPhone Developer";
				CODE_SIGN_RESOURCE_RULES_PATH = "“$(SDKROOT)/ResourceRules.plist”";
				GCC_C_LANGUAGE_STANDARD = c99;
				GCC_WARN_ABOUT_RETURN_TYPE = YES;
				GCC_WARN_UNUSED_VARIABLE = YES;
				HEADER_SEARCH_PATHS = /usr/include/libxml2;
				LIBRARY_SEARCH_PATHS = "\"$(SRCROOT)/libidn/${PLATFORM_NAME}\"";
				OTHER_LDFLAGS = (
					"-lidn",
					"-lxml2",
				);
				PREBINDING = NO;
				SDKROOT = iphoneos3.1.3;
				VALID_ARCHS = "i386 armv6 armv7";
			};
			name = DistributionTest;
		};
		B6E095A110B1AB4100F27218 /* DistributionTest */ = {
			isa = XCBuildConfiguration;
			buildSettings = {
				ALWAYS_SEARCH_USER_PATHS = NO;
				CODE_SIGN_ENTITLEMENTS = Entitlements.plist;
				"CODE_SIGN_IDENTITY[sdk=iphoneos*]" = "iPhone Distribution: Dan Brickley";
				COPY_PHASE_STRIP = YES;
				FRAMEWORK_SEARCH_PATHS = (
					"$(inherited)",
					"\"$(SRCROOT)\"",
				);
				GCC_PRECOMPILE_PREFIX_HEADER = YES;
				GCC_PREFIX_HEADER = Gumbovi1_Prefix.pch;
				INFOPLIST_FILE = "Gumbovi1-Info.plist";
				LIBRARY_SEARCH_PATHS = (
					"$(inherited)",
					"\"$(SRCROOT)/libidn/iphoneos\"",
					"\"$(SRCROOT)/libidn/iphonesimulator\"",
					"\"$(SRCROOT)/libidn/Mac\"",
					"\"$(SRCROOT)/../newsrc/trunk/libidn\"",
					"\"$(SRCROOT)\"",
				);
				OTHER_LDFLAGS = (
					"-framework",
					CFNetwork,
					"-lidn",
					"-lxml2",
				);
				PRODUCT_NAME = Gumbovi1;
				"PROVISIONING_PROFILE[sdk=iphoneos*]" = "9164329A-452F-4E7E-A825-1736EECD5D41";
			};
			name = DistributionTest;
		};
		C01FCF4F08A954540054247B /* Debug */ = {
			isa = XCBuildConfiguration;
			buildSettings = {
				ARCHS = "$(ARCHS_STANDARD_32_BIT)";
				"CODE_SIGN_IDENTITY[sdk=iphoneos*]" = "iPhone Developer";
				CODE_SIGN_RESOURCE_RULES_PATH = "“$(SDKROOT)/ResourceRules.plist”";
				GCC_C_LANGUAGE_STANDARD = c99;
				GCC_WARN_ABOUT_RETURN_TYPE = YES;
				GCC_WARN_UNUSED_VARIABLE = YES;
				HEADER_SEARCH_PATHS = (
					"../../qrlib/src/**",
					/usr/include/libxml2,
				);
				LIBRARY_SEARCH_PATHS = "\"$(SRCROOT)/libidn/${PLATFORM_NAME}\"";
				OTHER_LDFLAGS = (
					"-all_load",
					"-ObjC",
					"-lidn",
					"-lxml2",
				);
				PREBINDING = NO;
				SDKROOT = iphoneos2.2.1;
				VALID_ARCHS = "i386 armv6 armv7";
			};
			name = Debug;
		};
		C01FCF5008A954540054247B /* Release */ = {
			isa = XCBuildConfiguration;
			buildSettings = {
				ARCHS = "$(ARCHS_STANDARD_32_BIT)";
				"CODE_SIGN_IDENTITY[sdk=iphoneos*]" = "iPhone Developer";
				CODE_SIGN_RESOURCE_RULES_PATH = "“$(SDKROOT)/ResourceRules.plist”";
				GCC_C_LANGUAGE_STANDARD = c99;
				GCC_WARN_ABOUT_RETURN_TYPE = YES;
				GCC_WARN_UNUSED_VARIABLE = YES;
				HEADER_SEARCH_PATHS = (
					"../../qrlib/src/**",
					/usr/include/libxml2,
				);
				LIBRARY_SEARCH_PATHS = "\"$(SRCROOT)/libidn/${PLATFORM_NAME}\"";
				OTHER_LDFLAGS = (
					"-lidn",
					"-lxml2",
				);
				PREBINDING = NO;
				SDKROOT = iphoneos3.1.3;
				VALID_ARCHS = "i386 armv6 armv7";
			};
			name = Release;
		};
/* End XCBuildConfiguration section */

/* Begin XCConfigurationList section */
		1D6058960D05DD3E006BFB54 /* Build configuration list for PBXNativeTarget "Gumbovi1" */ = {
			isa = XCConfigurationList;
			buildConfigurations = (
				1D6058940D05DD3E006BFB54 /* Debug */,
				1D6058950D05DD3E006BFB54 /* Release */,
				B6E095A110B1AB4100F27218 /* DistributionTest */,
			);
			defaultConfigurationIsVisible = 0;
			defaultConfigurationName = Release;
		};
		B6C959DD1133172200CF15AA /* Build configuration list for PBXNativeTarget "QRGumbovi" */ = {
			isa = XCConfigurationList;
			buildConfigurations = (
				B6C959DA1133172200CF15AA /* Debug */,
				B6C959DB1133172200CF15AA /* Release */,
				B6C959DC1133172200CF15AA /* DistributionTest */,
			);
			defaultConfigurationIsVisible = 0;
			defaultConfigurationName = Release;
		};
		C01FCF4E08A954540054247B /* Build configuration list for PBXProject "Gumbovi1" */ = {
			isa = XCConfigurationList;
			buildConfigurations = (
				C01FCF4F08A954540054247B /* Debug */,
				C01FCF5008A954540054247B /* Release */,
				B6E095A010B1AB4100F27218 /* DistributionTest */,
			);
			defaultConfigurationIsVisible = 0;
			defaultConfigurationName = Release;
		};
/* End XCConfigurationList section */
	};
	rootObject = 29B97313FDCFA39411CA2CEA /* Project object */;
}
