
Microsoft Visual Studio Solution File, Format Version 10.00
# Visual C# Express 2008
Project("{FAE04EC0-301F-11D3-BF4B-00C04F79EFBC}") = "winButtons", "winButtons\winButtons.csproj", "{F45BEE49-D87B-42CB-821E-D2EB11D347DB}"
EndProject
Project("{FAE04EC0-301F-11D3-BF4B-00C04F79EFBC}") = "winButtonsCommon", "winButtonsCommon\winButtonsCommon.csproj", "{456E3105-EE1D-4B3A-AF1C-7506BC1D9E08}"
EndProject
Global
	GlobalSection(SolutionConfigurationPlatforms) = preSolution
		Debug|Any CPU = Debug|Any CPU
		Release|Any CPU = Release|Any CPU
	EndGlobalSection
	GlobalSection(ProjectConfigurationPlatforms) = postSolution
		{F45BEE49-D87B-42CB-821E-D2EB11D347DB}.Debug|Any CPU.ActiveCfg = Debug|Any CPU
		{F45BEE49-D87B-42CB-821E-D2EB11D347DB}.Debug|Any CPU.Build.0 = Debug|Any CPU
		{F45BEE49-D87B-42CB-821E-D2EB11D347DB}.Release|Any CPU.ActiveCfg = Release|Any CPU
		{F45BEE49-D87B-42CB-821E-D2EB11D347DB}.Release|Any CPU.Build.0 = Release|Any CPU
		{456E3105-EE1D-4B3A-AF1C-7506BC1D9E08}.Debug|Any CPU.ActiveCfg = Debug|Any CPU
		{456E3105-EE1D-4B3A-AF1C-7506BC1D9E08}.Debug|Any CPU.Build.0 = Debug|Any CPU
		{456E3105-EE1D-4B3A-AF1C-7506BC1D9E08}.Release|Any CPU.ActiveCfg = Release|Any CPU
		{456E3105-EE1D-4B3A-AF1C-7506BC1D9E08}.Release|Any CPU.Build.0 = Release|Any CPU
	EndGlobalSection
	GlobalSection(SolutionProperties) = preSolution
		HideSolutionNode = FALSE
	EndGlobalSection
EndGlobal
